PODS:
  - Alamofire (4.6.0)
  - Alamofire-Synchronous (4.0.0):
    - Alamofire (~> 4.0)
  - Cartography (3.0.1)
  - FSCalendar (2.7.9)
  - JGProgressHUD (2.0)
  - MWFeedParser (1.0.1):
    - MWFeedParser/FeedParser (= 1.0.1)
    - MWFeedParser/NSDate+InternetDateTime (= 1.0.1)
    - MWFeedParser/NSString+HTML (= 1.0.1)
  - MWFeedParser/FeedParser (1.0.1):
    - MWFeedParser/NSDate+InternetDateTime
    - MWFeedParser/NSString+HTML
  - MWFeedParser/NSDate+InternetDateTime (1.0.1)
  - MWFeedParser/NSString+HTML (1.0.1)
  - ObjectMapper (3.1.0)
  - PermissionScope (1.1.1)
  - PMAlertController (3.2.0)
  - ReachabilitySwift (4.1.0)
  - RFAboutView-Swift (2.0.1)
  - Solar (2.1.0)
  - Spruce (2.0.0)
  - SwiftMapVC (1.0.0)
  - SwiftTheme (0.4.1)
  - SwiftWebVC (0.4.2)
  - SwipeCellKit (2.0.1)

DEPENDENCIES:
  - Alamofire
  - Alamofire-Synchronous
  - Cartography
  - FSCalendar
  - JGProgressHUD
  - MWFeedParser
  - ObjectMapper
  - PermissionScope (from `https://github.com/steets250/PermissionScope.git`)
  - PMAlertController (from `https://github.com/steets250/PMAlertController.git`)
  - ReachabilitySwift
  - RFAboutView-Swift (from `https://github.com/steets250/RFAboutView-Swift.git`)
  - Solar
  - Spruce
  - SwiftMapVC (from `https://github.com/steets250/SwiftMapVC.git`)
  - SwiftTheme
  - SwiftWebVC
  - SwipeCellKit

EXTERNAL SOURCES:
  PermissionScope:
    :git: https://github.com/steets250/PermissionScope.git
  PMAlertController:
    :git: https://github.com/steets250/PMAlertController.git
  RFAboutView-Swift:
    :git: https://github.com/steets250/RFAboutView-Swift.git
  SwiftMapVC:
    :git: https://github.com/steets250/SwiftMapVC.git

CHECKOUT OPTIONS:
  PermissionScope:
    :commit: ece0bcd3f214841f08a960c1869873dbcae4f8f5
    :git: https://github.com/steets250/PermissionScope.git
  PMAlertController:
    :commit: c59f87da4c21502094d33dc4af7eeda7660572bb
    :git: https://github.com/steets250/PMAlertController.git
  RFAboutView-Swift:
    :commit: 777feb6e9b3cc38b90f2fb0d7638338c0a628d32
    :git: https://github.com/steets250/RFAboutView-Swift.git
  SwiftMapVC:
    :commit: 4eece0975fad38db20a720a24634e63a6cce1323
    :git: https://github.com/steets250/SwiftMapVC.git

SPEC CHECKSUMS:
  Alamofire: f41a599bd63041760b26d393ec1069d9d7b917f4
  Alamofire-Synchronous: eedf1e6e961c3795a63c74990b3f7d9fbfac7e50
  Cartography: f8c899bb0f5cf20758644a8eea59a75e98a03a5d
  FSCalendar: a04b09f16f811bc92e82f3cf852a15225233b9d5
  JGProgressHUD: c402c0f41fc291ca7e33bba2f999118d9682dd9c
  MWFeedParser: 2cf646014c1baf6ad1b08c480b40a08180079247
  ObjectMapper: 20505058f54e5c3ca69e1d6de9897d152a5369a6
  PermissionScope: a30c16e015779ba27c97c124e7539e27b5829de2
  PMAlertController: b476d0962e61a8936384eb6ea3d6ff90ab0ce78f
  ReachabilitySwift: 6849231cd4e06559f3b9ef4a97a0a0f96d41e09f
  RFAboutView-Swift: dc31db0e7bc890ab6c9e1ca8f50e8f97bdba9622
  Solar: 2dc6e7cc39186cb0c8228fa08df76fb50c7d8f24
  Spruce: 0932495938ccc0b75add674a99bc46c9d0e39111
  SwiftMapVC: 9fc5ca86c8317ecdfcbfae90de125cc8349749c5
  SwiftTheme: 36d71c4eed4b2c401c782cf036e4586c749a8173
  SwiftWebVC: ecc4feaabe5a3f75e059a0a345d3386bb0d16c44
  SwipeCellKit: 76888d93d1843dc568fdf38fff21b15dbbcf6b28

PODFILE CHECKSUM: 04d41fd9860ab0a31a8cbc08095a77fdb2058ca0

COCOAPODS: 1.4.0
