// !$*UTF8*$!
{
	archiveVersion = 1;
	classes = {
	};
	objectVersion = 46;
	objects = {

/* Begin PBXBuildFile section */
		498947FEE0174B753CD9306D /* Pods_Bell_Schedule.framework in Frameworks */ = {isa = PBXBuildFile; fileRef = CAF5619E65112A5FEBD94503 /* Pods_Bell_Schedule.framework */; };
		BA09DCAC1EDF35ED004725C8 /* ButtonTableViewCell.swift in Sources */ = {isa = PBXBuildFile; fileRef = BA09DCAB1EDF35ED004725C8 /* ButtonTableViewCell.swift */; };
		BA10BA2A1ED4038900A1EC9A /* CalendarScope.swift in Sources */ = {isa = PBXBuildFile; fileRef = BA10BA291ED4038900A1EC9A /* CalendarScope.swift */; };
		BA2842A51EBA756900AAB867 /* MainInterface.storyboard in Resources */ = {isa = PBXBuildFile; fileRef = BA2842A31EBA756900AAB867 /* MainInterface.storyboard */; };
		BA2F9C031E7514F300B34EB7 /* DetailViewController.swift in Sources */ = {isa = PBXBuildFile; fileRef = BA2F9C021E7514F300B34EB7 /* DetailViewController.swift */; };
		BA2F9C051E75156600B34EB7 /* SearchTableViewCell.swift in Sources */ = {isa = PBXBuildFile; fileRef = BA2F9C041E75156600B34EB7 /* SearchTableViewCell.swift */; };
		BA306B211E8F8F5200AD1B38 /* RoomViewController.swift in Sources */ = {isa = PBXBuildFile; fileRef = BA306B1D1E8F8F5200AD1B38 /* RoomViewController.swift */; };
		BA3AB64F1F4FFD2A00AA5A4D /* Dates.json in Resources */ = {isa = PBXBuildFile; fileRef = BA3AB64A1F4FFD2900AA5A4D /* Dates.json */; };
		BA3AB6501F4FFD2A00AA5A4D /* Buildings.json in Resources */ = {isa = PBXBuildFile; fileRef = BA3AB64B1F4FFD2900AA5A4D /* Buildings.json */; };
		BA3AB6511F4FFD2A00AA5A4D /* Times.json in Resources */ = {isa = PBXBuildFile; fileRef = BA3AB64C1F4FFD2900AA5A4D /* Times.json */; };
		BA3AB6521F4FFD2A00AA5A4D /* Rooms.json in Resources */ = {isa = PBXBuildFile; fileRef = BA3AB64D1F4FFD2900AA5A4D /* Rooms.json */; };
		BA3AB6531F4FFD2A00AA5A4D /* Staff.json in Resources */ = {isa = PBXBuildFile; fileRef = BA3AB64E1F4FFD2A00AA5A4D /* Staff.json */; };
		BA412E0A1E498A39005A0AB5 /* AppDelegate.swift in Sources */ = {isa = PBXBuildFile; fileRef = BA412E091E498A39005A0AB5 /* AppDelegate.swift */; };
		BA412E131E498A39005A0AB5 /* Assets.xcassets in Resources */ = {isa = PBXBuildFile; fileRef = BA412E121E498A39005A0AB5 /* Assets.xcassets */; };
		BA42837A1EC3ECF60060441E /* CalendarViewController.swift in Sources */ = {isa = PBXBuildFile; fileRef = BA4283791EC3ECF60060441E /* CalendarViewController.swift */; };
		BA4ED0461F7E079000CF37ED /* Extension.swift in Sources */ = {isa = PBXBuildFile; fileRef = BA4ED0451F7E079000CF37ED /* Extension.swift */; };
		BA51DEBB1E8F5A03008202C8 /* CreditsViewController.swift in Sources */ = {isa = PBXBuildFile; fileRef = BA51DEBA1E8F5A03008202C8 /* CreditsViewController.swift */; };
		BA5A92781EC781E200CD85DC /* NoTimeTableViewCell.swift in Sources */ = {isa = PBXBuildFile; fileRef = BA5A92771EC781E200CD85DC /* NoTimeTableViewCell.swift */; };
		BA5EA5531EC5A012008A24D2 /* TimeTableViewCell.swift in Sources */ = {isa = PBXBuildFile; fileRef = BA5EA5521EC5A012008A24D2 /* TimeTableViewCell.swift */; };
		BA64A47F1E9B06C2001C7519 /* IndividualSettingController.swift in Sources */ = {isa = PBXBuildFile; fileRef = BA64A47E1E9B06C2001C7519 /* IndividualSettingController.swift */; };
		BA879FFE1E69447D0012BC41 /* InformationViewController.swift in Sources */ = {isa = PBXBuildFile; fileRef = BA879FFD1E69447D0012BC41 /* InformationViewController.swift */; };
		BAA3A3701F69F8FB00789DCD /* Structs.swift in Sources */ = {isa = PBXBuildFile; fileRef = BAA3A36F1F69F8FB00789DCD /* Structs.swift */; };
		BAA3A3721F69F90300789DCD /* Extensions.swift in Sources */ = {isa = PBXBuildFile; fileRef = BAA3A3711F69F90300789DCD /* Extensions.swift */; };
		BAA3A3741F69F90C00789DCD /* Classes.swift in Sources */ = {isa = PBXBuildFile; fileRef = BAA3A3731F69F90C00789DCD /* Classes.swift */; };
		BAAB3CE71E981041000E5A53 /* TabController.swift in Sources */ = {isa = PBXBuildFile; fileRef = BAAB3CE61E981041000E5A53 /* TabController.swift */; };
		BAB1E6641ECD26080074F27F /* LaunchScreen.storyboard in Resources */ = {isa = PBXBuildFile; fileRef = BAB1E6621ECD26080074F27F /* LaunchScreen.storyboard */; };
		BAB761DD1E52207700658D0B /* BellViewController.swift in Sources */ = {isa = PBXBuildFile; fileRef = BAB761D81E52207700658D0B /* BellViewController.swift */; };
		BAB761DF1E52207700658D0B /* StaffViewController.swift in Sources */ = {isa = PBXBuildFile; fileRef = BAB761DA1E52207700658D0B /* StaffViewController.swift */; };
		BAC1D6E61EABE60700993ECD /* NotificationCenter.framework in Frameworks */ = {isa = PBXBuildFile; fileRef = BAC1D6E51EABE60700993ECD /* NotificationCenter.framework */; };
		BAC1D6E91EABE60700993ECD /* TodayViewController.swift in Sources */ = {isa = PBXBuildFile; fileRef = BAC1D6E81EABE60700993ECD /* TodayViewController.swift */; };
		BAC1D6F01EABE60700993ECD /* Bell Schedule.appex in Embed App Extensions */ = {isa = PBXBuildFile; fileRef = BAC1D6E41EABE60700993ECD /* Bell Schedule.appex */; settings = {ATTRIBUTES = (RemoveHeadersOnCopy, ); }; };
		BAE0FDA51E9083C300BCFF06 /* SettingsViewController.swift in Sources */ = {isa = PBXBuildFile; fileRef = BAE0FDA41E9083C300BCFF06 /* SettingsViewController.swift */; };
		BAE0FDA71E90856900BCFF06 /* SwitchTableViewCell.swift in Sources */ = {isa = PBXBuildFile; fileRef = BAE0FDA61E90856900BCFF06 /* SwitchTableViewCell.swift */; };
		BAEBE7571E8CCF24000F31B5 /* Main.storyboard in Resources */ = {isa = PBXBuildFile; fileRef = BAEBE7561E8CCF24000F31B5 /* Main.storyboard */; };
		BAEF5A8B1F85C61100302708 /* SearchViewController.swift in Sources */ = {isa = PBXBuildFile; fileRef = BAEF5A8A1F85C61100302708 /* SearchViewController.swift */; };
		BAF8C0741E946CCB00DC80A7 /* AppData.swift in Sources */ = {isa = PBXBuildFile; fileRef = BAF8C0731E946CCB00DC80A7 /* AppData.swift */; };
		EF7B52818522FF14EC27A243 /* Pods_Venice_High.framework in Frameworks */ = {isa = PBXBuildFile; fileRef = CA191C7CF8780656F0E54497 /* Pods_Venice_High.framework */; };
/* End PBXBuildFile section */

/* Begin PBXContainerItemProxy section */
		BAC1D6EE1EABE60700993ECD /* PBXContainerItemProxy */ = {
			isa = PBXContainerItemProxy;
			containerPortal = BA412DFE1E498A39005A0AB5 /* Project object */;
			proxyType = 1;
			remoteGlobalIDString = BAC1D6E31EABE60700993ECD;
			remoteInfo = "VHS Bell Schedule";
		};
/* End PBXContainerItemProxy section */

/* Begin PBXCopyFilesBuildPhase section */
		BAC1D6F41EABE60700993ECD /* Embed App Extensions */ = {
			isa = PBXCopyFilesBuildPhase;
			buildActionMask = 2147483647;
			dstPath = "";
			dstSubfolderSpec = 13;
			files = (
				BAC1D6F01EABE60700993ECD /* Bell Schedule.appex in Embed App Extensions */,
			);
			name = "Embed App Extensions";
			runOnlyForDeploymentPostprocessing = 0;
		};
/* End PBXCopyFilesBuildPhase section */

/* Begin PBXFileReference section */
		2EA1276C51DE06B0F3190859 /* Pods-Venice High.debug.xcconfig */ = {isa = PBXFileReference; includeInIndex = 1; lastKnownFileType = text.xcconfig; name = "Pods-Venice High.debug.xcconfig"; path = "Pods/Target Support Files/Pods-Venice High/Pods-Venice High.debug.xcconfig"; sourceTree = "<group>"; };
		896CF9C4EEE6C4200B4A77AF /* Pods-Bell Schedule.release.xcconfig */ = {isa = PBXFileReference; includeInIndex = 1; lastKnownFileType = text.xcconfig; name = "Pods-Bell Schedule.release.xcconfig"; path = "Pods/Target Support Files/Pods-Bell Schedule/Pods-Bell Schedule.release.xcconfig"; sourceTree = "<group>"; };
		A9DDA8ABA95CF3C49948F262 /* Pods-Bell Schedule.debug.xcconfig */ = {isa = PBXFileReference; includeInIndex = 1; lastKnownFileType = text.xcconfig; name = "Pods-Bell Schedule.debug.xcconfig"; path = "Pods/Target Support Files/Pods-Bell Schedule/Pods-Bell Schedule.debug.xcconfig"; sourceTree = "<group>"; };
		BA09DCAB1EDF35ED004725C8 /* ButtonTableViewCell.swift */ = {isa = PBXFileReference; fileEncoding = 4; lastKnownFileType = sourcecode.swift; path = ButtonTableViewCell.swift; sourceTree = "<group>"; };
		BA10BA291ED4038900A1EC9A /* CalendarScope.swift */ = {isa = PBXFileReference; fileEncoding = 4; lastKnownFileType = sourcecode.swift; path = CalendarScope.swift; sourceTree = "<group>"; };
		BA2842A41EBA756900AAB867 /* Base */ = {isa = PBXFileReference; lastKnownFileType = file.storyboard; name = Base; path = Base.lproj/MainInterface.storyboard; sourceTree = "<group>"; };
		BA2F9C021E7514F300B34EB7 /* DetailViewController.swift */ = {isa = PBXFileReference; fileEncoding = 4; lastKnownFileType = sourcecode.swift; path = DetailViewController.swift; sourceTree = "<group>"; };
		BA2F9C041E75156600B34EB7 /* SearchTableViewCell.swift */ = {isa = PBXFileReference; fileEncoding = 4; lastKnownFileType = sourcecode.swift; path = SearchTableViewCell.swift; sourceTree = "<group>"; };
		BA306B1D1E8F8F5200AD1B38 /* RoomViewController.swift */ = {isa = PBXFileReference; fileEncoding = 4; lastKnownFileType = sourcecode.swift; lineEnding = 0; path = RoomViewController.swift; sourceTree = "<group>"; xcLanguageSpecificationIdentifier = xcode.lang.swift; };
		BA3249021EC0E62A000F79F6 /* Venice High.entitlements */ = {isa = PBXFileReference; lastKnownFileType = text.plist.entitlements; path = "Venice High.entitlements"; sourceTree = "<group>"; };
		BA3249031EC0E637000F79F6 /* Bell Schedule.entitlements */ = {isa = PBXFileReference; lastKnownFileType = text.plist.entitlements; path = "Bell Schedule.entitlements"; sourceTree = "<group>"; };
		BA3AB64A1F4FFD2900AA5A4D /* Dates.json */ = {isa = PBXFileReference; fileEncoding = 4; lastKnownFileType = text.json; name = Dates.json; path = "Venice High/Json/Dates.json"; sourceTree = SOURCE_ROOT; };
		BA3AB64B1F4FFD2900AA5A4D /* Buildings.json */ = {isa = PBXFileReference; fileEncoding = 4; lastKnownFileType = text.json; name = Buildings.json; path = "Venice High/Json/Buildings.json"; sourceTree = SOURCE_ROOT; };
		BA3AB64C1F4FFD2900AA5A4D /* Times.json */ = {isa = PBXFileReference; fileEncoding = 4; lastKnownFileType = text.json; name = Times.json; path = "Venice High/Json/Times.json"; sourceTree = SOURCE_ROOT; };
		BA3AB64D1F4FFD2900AA5A4D /* Rooms.json */ = {isa = PBXFileReference; fileEncoding = 4; lastKnownFileType = text.json; name = Rooms.json; path = "Venice High/Json/Rooms.json"; sourceTree = SOURCE_ROOT; };
		BA3AB64E1F4FFD2A00AA5A4D /* Staff.json */ = {isa = PBXFileReference; fileEncoding = 4; lastKnownFileType = text.json; name = Staff.json; path = "Venice High/Json/Staff.json"; sourceTree = SOURCE_ROOT; };
		BA412E061E498A39005A0AB5 /* Venice High.app */ = {isa = PBXFileReference; explicitFileType = wrapper.application; includeInIndex = 0; path = "Venice High.app"; sourceTree = BUILT_PRODUCTS_DIR; };
		BA412E091E498A39005A0AB5 /* AppDelegate.swift */ = {isa = PBXFileReference; lastKnownFileType = sourcecode.swift; path = AppDelegate.swift; sourceTree = "<group>"; };
		BA412E121E498A39005A0AB5 /* Assets.xcassets */ = {isa = PBXFileReference; lastKnownFileType = folder.assetcatalog; path = Assets.xcassets; sourceTree = "<group>"; };
		BA412E171E498A39005A0AB5 /* Info.plist */ = {isa = PBXFileReference; lastKnownFileType = text.plist.xml; path = Info.plist; sourceTree = "<group>"; };
		BA4283791EC3ECF60060441E /* CalendarViewController.swift */ = {isa = PBXFileReference; fileEncoding = 4; lastKnownFileType = sourcecode.swift; lineEnding = 0; path = CalendarViewController.swift; sourceTree = "<group>"; xcLanguageSpecificationIdentifier = xcode.lang.swift; };
		BA4ED0451F7E079000CF37ED /* Extension.swift */ = {isa = PBXFileReference; lastKnownFileType = sourcecode.swift; path = Extension.swift; sourceTree = "<group>"; };
		BA51DEBA1E8F5A03008202C8 /* CreditsViewController.swift */ = {isa = PBXFileReference; fileEncoding = 4; lastKnownFileType = sourcecode.swift; path = CreditsViewController.swift; sourceTree = "<group>"; };
		BA5A92771EC781E200CD85DC /* NoTimeTableViewCell.swift */ = {isa = PBXFileReference; fileEncoding = 4; lastKnownFileType = sourcecode.swift; path = NoTimeTableViewCell.swift; sourceTree = "<group>"; };
		BA5EA5521EC5A012008A24D2 /* TimeTableViewCell.swift */ = {isa = PBXFileReference; fileEncoding = 4; lastKnownFileType = sourcecode.swift; path = TimeTableViewCell.swift; sourceTree = "<group>"; };
		BA5FE3011EB9C38700ED6C54 /* MapKit.framework */ = {isa = PBXFileReference; lastKnownFileType = wrapper.framework; name = MapKit.framework; path = System/Library/Frameworks/MapKit.framework; sourceTree = SDKROOT; };
		BA64A47E1E9B06C2001C7519 /* IndividualSettingController.swift */ = {isa = PBXFileReference; fileEncoding = 4; lastKnownFileType = sourcecode.swift; path = IndividualSettingController.swift; sourceTree = "<group>"; };
		BA879FFD1E69447D0012BC41 /* InformationViewController.swift */ = {isa = PBXFileReference; fileEncoding = 4; lastKnownFileType = sourcecode.swift; lineEnding = 0; path = InformationViewController.swift; sourceTree = "<group>"; xcLanguageSpecificationIdentifier = xcode.lang.swift; };
		BAA3A36F1F69F8FB00789DCD /* Structs.swift */ = {isa = PBXFileReference; lastKnownFileType = sourcecode.swift; path = Structs.swift; sourceTree = "<group>"; };
		BAA3A3711F69F90300789DCD /* Extensions.swift */ = {isa = PBXFileReference; lastKnownFileType = sourcecode.swift; path = Extensions.swift; sourceTree = "<group>"; };
		BAA3A3731F69F90C00789DCD /* Classes.swift */ = {isa = PBXFileReference; lastKnownFileType = sourcecode.swift; path = Classes.swift; sourceTree = "<group>"; };
		BAAB3CE61E981041000E5A53 /* TabController.swift */ = {isa = PBXFileReference; fileEncoding = 4; lastKnownFileType = sourcecode.swift; path = TabController.swift; sourceTree = "<group>"; };
		BAB1E6631ECD26080074F27F /* Base */ = {isa = PBXFileReference; lastKnownFileType = file.storyboard; name = Base; path = Base.lproj/LaunchScreen.storyboard; sourceTree = "<group>"; };
		BAB761D81E52207700658D0B /* BellViewController.swift */ = {isa = PBXFileReference; fileEncoding = 4; lastKnownFileType = sourcecode.swift; lineEnding = 0; path = BellViewController.swift; sourceTree = "<group>"; xcLanguageSpecificationIdentifier = xcode.lang.swift; };
		BAB761DA1E52207700658D0B /* StaffViewController.swift */ = {isa = PBXFileReference; fileEncoding = 4; lastKnownFileType = sourcecode.swift; lineEnding = 0; path = StaffViewController.swift; sourceTree = "<group>"; xcLanguageSpecificationIdentifier = xcode.lang.swift; };
		BAC1D6E41EABE60700993ECD /* Bell Schedule.appex */ = {isa = PBXFileReference; explicitFileType = "wrapper.app-extension"; includeInIndex = 0; path = "Bell Schedule.appex"; sourceTree = BUILT_PRODUCTS_DIR; };
		BAC1D6E51EABE60700993ECD /* NotificationCenter.framework */ = {isa = PBXFileReference; lastKnownFileType = wrapper.framework; name = NotificationCenter.framework; path = System/Library/Frameworks/NotificationCenter.framework; sourceTree = SDKROOT; };
		BAC1D6E81EABE60700993ECD /* TodayViewController.swift */ = {isa = PBXFileReference; lastKnownFileType = sourcecode.swift; path = TodayViewController.swift; sourceTree = "<group>"; };
		BAC1D6ED1EABE60700993ECD /* Info.plist */ = {isa = PBXFileReference; lastKnownFileType = text.plist.xml; path = Info.plist; sourceTree = "<group>"; };
		BAE0FDA41E9083C300BCFF06 /* SettingsViewController.swift */ = {isa = PBXFileReference; fileEncoding = 4; lastKnownFileType = sourcecode.swift; lineEnding = 0; path = SettingsViewController.swift; sourceTree = "<group>"; xcLanguageSpecificationIdentifier = xcode.lang.swift; };
		BAE0FDA61E90856900BCFF06 /* SwitchTableViewCell.swift */ = {isa = PBXFileReference; fileEncoding = 4; lastKnownFileType = sourcecode.swift; path = SwitchTableViewCell.swift; sourceTree = "<group>"; };
		BAEBE7561E8CCF24000F31B5 /* Main.storyboard */ = {isa = PBXFileReference; fileEncoding = 4; lastKnownFileType = file.storyboard; path = Main.storyboard; sourceTree = "<group>"; };
		BAEF5A8A1F85C61100302708 /* SearchViewController.swift */ = {isa = PBXFileReference; lastKnownFileType = sourcecode.swift; path = SearchViewController.swift; sourceTree = "<group>"; };
		BAF8C0731E946CCB00DC80A7 /* AppData.swift */ = {isa = PBXFileReference; fileEncoding = 4; lastKnownFileType = sourcecode.swift; path = AppData.swift; sourceTree = "<group>"; };
		C56E6091F086575A501130CE /* Pods-Venice High.release.xcconfig */ = {isa = PBXFileReference; includeInIndex = 1; lastKnownFileType = text.xcconfig; name = "Pods-Venice High.release.xcconfig"; path = "Pods/Target Support Files/Pods-Venice High/Pods-Venice High.release.xcconfig"; sourceTree = "<group>"; };
		CA191C7CF8780656F0E54497 /* Pods_Venice_High.framework */ = {isa = PBXFileReference; explicitFileType = wrapper.framework; includeInIndex = 0; path = Pods_Venice_High.framework; sourceTree = BUILT_PRODUCTS_DIR; };
		CAF5619E65112A5FEBD94503 /* Pods_Bell_Schedule.framework */ = {isa = PBXFileReference; explicitFileType = wrapper.framework; includeInIndex = 0; path = Pods_Bell_Schedule.framework; sourceTree = BUILT_PRODUCTS_DIR; };
/* End PBXFileReference section */

/* Begin PBXFrameworksBuildPhase section */
		BA412E031E498A39005A0AB5 /* Frameworks */ = {
			isa = PBXFrameworksBuildPhase;
			buildActionMask = 2147483647;
			files = (
				EF7B52818522FF14EC27A243 /* Pods_Venice_High.framework in Frameworks */,
			);
			runOnlyForDeploymentPostprocessing = 0;
		};
		BAC1D6E11EABE60700993ECD /* Frameworks */ = {
			isa = PBXFrameworksBuildPhase;
			buildActionMask = 2147483647;
			files = (
				BAC1D6E61EABE60700993ECD /* NotificationCenter.framework in Frameworks */,
				498947FEE0174B753CD9306D /* Pods_Bell_Schedule.framework in Frameworks */,
			);
			runOnlyForDeploymentPostprocessing = 0;
		};
/* End PBXFrameworksBuildPhase section */

/* Begin PBXGroup section */
		BA2842A91EBA75B900AAB867 /* Storyboards */ = {
			isa = PBXGroup;
			children = (
				BAB1E6621ECD26080074F27F /* LaunchScreen.storyboard */,
				BAEBE7561E8CCF24000F31B5 /* Main.storyboard */,
			);
			path = Storyboards;
			sourceTree = "<group>";
		};
		BA3AB6491F4FFD0E00AA5A4D /* Json */ = {
			isa = PBXGroup;
			children = (
				BA3AB64B1F4FFD2900AA5A4D /* Buildings.json */,
				BA3AB64A1F4FFD2900AA5A4D /* Dates.json */,
				BA3AB64D1F4FFD2900AA5A4D /* Rooms.json */,
				BA3AB64E1F4FFD2A00AA5A4D /* Staff.json */,
				BA3AB64C1F4FFD2900AA5A4D /* Times.json */,
			);
			path = Json;
			sourceTree = "<group>";
		};
		BA412DFD1E498A39005A0AB5 = {
			isa = PBXGroup;
			children = (
				BA412E081E498A39005A0AB5 /* Venice High */,
				BAC1D6E71EABE60700993ECD /* Bell Schedule */,
				FD1344986E944F4602A85EF3 /* Frameworks */,
				BA412E071E498A39005A0AB5 /* Products */,
				F6BAE0CD702E4880CF7FA083 /* Pods */,
			);
			sourceTree = "<group>";
		};
		BA412E071E498A39005A0AB5 /* Products */ = {
			isa = PBXGroup;
			children = (
				BA412E061E498A39005A0AB5 /* Venice High.app */,
				BAC1D6E41EABE60700993ECD /* Bell Schedule.appex */,
			);
			name = Products;
			sourceTree = "<group>";
		};
		BA412E081E498A39005A0AB5 /* Venice High */ = {
			isa = PBXGroup;
			children = (
				BAA7653B1E63BBBF007EAA80 /* Bell */,
				BA42837C1EC3ED3F0060441E /* Calendar */,
				BACD52D11E6A4FEF00E6B5B0 /* Information */,
				BA3AB6491F4FFD0E00AA5A4D /* Json */,
				BAEF5A891F85C5F700302708 /* Search */,
				BAE0FDA31E90838300BCFF06 /* Settings */,
				BA2842A91EBA75B900AAB867 /* Storyboards */,
				BA42837B1EC3ED110060441E /* System */,
			);
			path = "Venice High";
			sourceTree = "<group>";
		};
		BA42837B1EC3ED110060441E /* System */ = {
			isa = PBXGroup;
			children = (
				BAF8C0731E946CCB00DC80A7 /* AppData.swift */,
				BA412E091E498A39005A0AB5 /* AppDelegate.swift */,
				BA412E121E498A39005A0AB5 /* Assets.xcassets */,
				BAA3A3731F69F90C00789DCD /* Classes.swift */,
				BAA3A3711F69F90300789DCD /* Extensions.swift */,
				BA412E171E498A39005A0AB5 /* Info.plist */,
				BAA3A36F1F69F8FB00789DCD /* Structs.swift */,
				BAAB3CE61E981041000E5A53 /* TabController.swift */,
				BA3249021EC0E62A000F79F6 /* Venice High.entitlements */,
			);
			path = System;
			sourceTree = "<group>";
		};
		BA42837C1EC3ED3F0060441E /* Calendar */ = {
			isa = PBXGroup;
			children = (
				BA4283791EC3ECF60060441E /* CalendarViewController.swift */,
				BA10BA291ED4038900A1EC9A /* CalendarScope.swift */,
				BA5A92771EC781E200CD85DC /* NoTimeTableViewCell.swift */,
				BA5EA5521EC5A012008A24D2 /* TimeTableViewCell.swift */,
			);
			path = Calendar;
			sourceTree = "<group>";
		};
		BAA7653B1E63BBBF007EAA80 /* Bell */ = {
			isa = PBXGroup;
			children = (
				BAB761D81E52207700658D0B /* BellViewController.swift */,
			);
			path = Bell;
			sourceTree = "<group>";
		};
		BAC1D6E71EABE60700993ECD /* Bell Schedule */ = {
			isa = PBXGroup;
			children = (
				BA3249031EC0E637000F79F6 /* Bell Schedule.entitlements */,
				BA4ED0451F7E079000CF37ED /* Extension.swift */,
				BAC1D6ED1EABE60700993ECD /* Info.plist */,
				BA2842A31EBA756900AAB867 /* MainInterface.storyboard */,
				BAC1D6E81EABE60700993ECD /* TodayViewController.swift */,
			);
			path = "Bell Schedule";
			sourceTree = "<group>";
		};
		BACD52D11E6A4FEF00E6B5B0 /* Information */ = {
			isa = PBXGroup;
			children = (
				BA51DEBA1E8F5A03008202C8 /* CreditsViewController.swift */,
				BA879FFD1E69447D0012BC41 /* InformationViewController.swift */,
			);
			path = Information;
			sourceTree = "<group>";
		};
		BAE0FDA31E90838300BCFF06 /* Settings */ = {
			isa = PBXGroup;
			children = (
				BA09DCAB1EDF35ED004725C8 /* ButtonTableViewCell.swift */,
				BA64A47E1E9B06C2001C7519 /* IndividualSettingController.swift */,
				BAE0FDA41E9083C300BCFF06 /* SettingsViewController.swift */,
				BAE0FDA61E90856900BCFF06 /* SwitchTableViewCell.swift */,
			);
			path = Settings;
			sourceTree = "<group>";
		};
		BAEF5A891F85C5F700302708 /* Search */ = {
			isa = PBXGroup;
			children = (
				BAEF5A8A1F85C61100302708 /* SearchViewController.swift */,
				BA2F9C041E75156600B34EB7 /* SearchTableViewCell.swift */,
				BAB761DA1E52207700658D0B /* StaffViewController.swift */,
				BA306B1D1E8F8F5200AD1B38 /* RoomViewController.swift */,
				BA2F9C021E7514F300B34EB7 /* DetailViewController.swift */,
			);
			path = Search;
			sourceTree = "<group>";
		};
		F6BAE0CD702E4880CF7FA083 /* Pods */ = {
			isa = PBXGroup;
			children = (
				2EA1276C51DE06B0F3190859 /* Pods-Venice High.debug.xcconfig */,
				C56E6091F086575A501130CE /* Pods-Venice High.release.xcconfig */,
				A9DDA8ABA95CF3C49948F262 /* Pods-Bell Schedule.debug.xcconfig */,
				896CF9C4EEE6C4200B4A77AF /* Pods-Bell Schedule.release.xcconfig */,
			);
			name = Pods;
			sourceTree = "<group>";
		};
		FD1344986E944F4602A85EF3 /* Frameworks */ = {
			isa = PBXGroup;
			children = (
				BA5FE3011EB9C38700ED6C54 /* MapKit.framework */,
				BAC1D6E51EABE60700993ECD /* NotificationCenter.framework */,
				CA191C7CF8780656F0E54497 /* Pods_Venice_High.framework */,
				CAF5619E65112A5FEBD94503 /* Pods_Bell_Schedule.framework */,
			);
			name = Frameworks;
			sourceTree = "<group>";
		};
/* End PBXGroup section */

/* Begin PBXNativeTarget section */
		BA412E051E498A39005A0AB5 /* Venice High */ = {
			isa = PBXNativeTarget;
			buildConfigurationList = BA412E301E498A39005A0AB5 /* Build configuration list for PBXNativeTarget "Venice High" */;
			buildPhases = (
				4B13F45BA50150DD6FF971DE /* [CP] Check Pods Manifest.lock */,
				BA412E021E498A39005A0AB5 /* Sources */,
				BA412E031E498A39005A0AB5 /* Frameworks */,
				BA412E041E498A39005A0AB5 /* Resources */,
				BAC1D6F41EABE60700993ECD /* Embed App Extensions */,
				B36908A1C85578886565FF2A /* [CP] Embed Pods Frameworks */,
				2D84360AC3C30D789EB4C15E /* [CP] Copy Pods Resources */,
			);
			buildRules = (
			);
			dependencies = (
				BAC1D6EF1EABE60700993ECD /* PBXTargetDependency */,
			);
			name = "Venice High";
			productName = "Venice HS";
			productReference = BA412E061E498A39005A0AB5 /* Venice High.app */;
			productType = "com.apple.product-type.application";
		};
		BAC1D6E31EABE60700993ECD /* Bell Schedule */ = {
			isa = PBXNativeTarget;
			buildConfigurationList = BAC1D6F31EABE60700993ECD /* Build configuration list for PBXNativeTarget "Bell Schedule" */;
			buildPhases = (
				D8F34D8E21FAB50903DD532F /* [CP] Check Pods Manifest.lock */,
				BAC1D6E01EABE60700993ECD /* Sources */,
				BAC1D6E11EABE60700993ECD /* Frameworks */,
				BAC1D6E21EABE60700993ECD /* Resources */,
				298463053354FDEDF7CDC107 /* [CP] Copy Pods Resources */,
			);
			buildRules = (
			);
			dependencies = (
			);
			name = "Bell Schedule";
			productName = "VHS Bell Schedule";
			productReference = BAC1D6E41EABE60700993ECD /* Bell Schedule.appex */;
			productType = "com.apple.product-type.app-extension";
		};
/* End PBXNativeTarget section */

/* Begin PBXProject section */
		BA412DFE1E498A39005A0AB5 /* Project object */ = {
			isa = PBXProject;
			attributes = {
				LastSwiftUpdateCheck = 0830;
				LastUpgradeCheck = 0900;
				ORGANIZATIONNAME = steets250;
				TargetAttributes = {
					BA412E051E498A39005A0AB5 = {
						CreatedOnToolsVersion = 8.3;
						DevelopmentTeam = JTK3ZSHMB9;
						ProvisioningStyle = Automatic;
						SystemCapabilities = {
							com.apple.ApplicationGroups.iOS = {
								enabled = 1;
							};
							com.apple.BackgroundModes = {
								enabled = 0;
							};
							com.apple.Maps.iOS = {
								enabled = 0;
							};
							com.apple.WAC = {
								enabled = 0;
							};
						};
					};
					BAC1D6E31EABE60700993ECD = {
						CreatedOnToolsVersion = 8.3;
						DevelopmentTeam = JTK3ZSHMB9;
						ProvisioningStyle = Automatic;
						SystemCapabilities = {
							com.apple.ApplicationGroups.iOS = {
								enabled = 1;
							};
						};
					};
				};
			};
			buildConfigurationList = BA412E011E498A39005A0AB5 /* Build configuration list for PBXProject "Venice High" */;
			compatibilityVersion = "Xcode 3.2";
			developmentRegion = English;
			hasScannedForEncodings = 0;
			knownRegions = (
				Base,
			);
			mainGroup = BA412DFD1E498A39005A0AB5;
			productRefGroup = BA412E071E498A39005A0AB5 /* Products */;
			projectDirPath = "";
			projectRoot = "";
			targets = (
				BA412E051E498A39005A0AB5 /* Venice High */,
				BAC1D6E31EABE60700993ECD /* Bell Schedule */,
			);
		};
/* End PBXProject section */

/* Begin PBXResourcesBuildPhase section */
		BA412E041E498A39005A0AB5 /* Resources */ = {
			isa = PBXResourcesBuildPhase;
			buildActionMask = 2147483647;
			files = (
				BAB1E6641ECD26080074F27F /* LaunchScreen.storyboard in Resources */,
				BA3AB64F1F4FFD2A00AA5A4D /* Dates.json in Resources */,
				BA3AB6521F4FFD2A00AA5A4D /* Rooms.json in Resources */,
				BA3AB6511F4FFD2A00AA5A4D /* Times.json in Resources */,
				BAEBE7571E8CCF24000F31B5 /* Main.storyboard in Resources */,
				BA3AB6531F4FFD2A00AA5A4D /* Staff.json in Resources */,
				BA412E131E498A39005A0AB5 /* Assets.xcassets in Resources */,
				BA3AB6501F4FFD2A00AA5A4D /* Buildings.json in Resources */,
			);
			runOnlyForDeploymentPostprocessing = 0;
		};
		BAC1D6E21EABE60700993ECD /* Resources */ = {
			isa = PBXResourcesBuildPhase;
			buildActionMask = 2147483647;
			files = (
				BA2842A51EBA756900AAB867 /* MainInterface.storyboard in Resources */,
			);
			runOnlyForDeploymentPostprocessing = 0;
		};
/* End PBXResourcesBuildPhase section */

/* Begin PBXShellScriptBuildPhase section */
		298463053354FDEDF7CDC107 /* [CP] Copy Pods Resources */ = {
			isa = PBXShellScriptBuildPhase;
			buildActionMask = 2147483647;
			files = (
			);
			inputPaths = (
			);
			name = "[CP] Copy Pods Resources";
			outputPaths = (
			);
			runOnlyForDeploymentPostprocessing = 0;
			shellPath = /bin/sh;
			shellScript = "\"${SRCROOT}/Pods/Target Support Files/Pods-Bell Schedule/Pods-Bell Schedule-resources.sh\"\n";
			showEnvVarsInLog = 0;
		};
		2D84360AC3C30D789EB4C15E /* [CP] Copy Pods Resources */ = {
			isa = PBXShellScriptBuildPhase;
			buildActionMask = 2147483647;
			files = (
			);
			inputPaths = (
			);
			name = "[CP] Copy Pods Resources";
			outputPaths = (
			);
			runOnlyForDeploymentPostprocessing = 0;
			shellPath = /bin/sh;
			shellScript = "\"${SRCROOT}/Pods/Target Support Files/Pods-Venice High/Pods-Venice High-resources.sh\"\n";
			showEnvVarsInLog = 0;
		};
		4B13F45BA50150DD6FF971DE /* [CP] Check Pods Manifest.lock */ = {
			isa = PBXShellScriptBuildPhase;
			buildActionMask = 2147483647;
			files = (
			);
			inputPaths = (
				"${PODS_PODFILE_DIR_PATH}/Podfile.lock",
				"${PODS_ROOT}/Manifest.lock",
			);
			name = "[CP] Check Pods Manifest.lock";
			outputPaths = (
				"$(DERIVED_FILE_DIR)/Pods-Venice High-checkManifestLockResult.txt",
			);
			runOnlyForDeploymentPostprocessing = 0;
			shellPath = /bin/sh;
			shellScript = "diff \"${PODS_PODFILE_DIR_PATH}/Podfile.lock\" \"${PODS_ROOT}/Manifest.lock\" > /dev/null\nif [ $? != 0 ] ; then\n    # print error to STDERR\n    echo \"error: The sandbox is not in sync with the Podfile.lock. Run 'pod install' or update your CocoaPods installation.\" >&2\n    exit 1\nfi\n# This output is used by Xcode 'outputs' to avoid re-running this script phase.\necho \"SUCCESS\" > \"${SCRIPT_OUTPUT_FILE_0}\"\n";
			showEnvVarsInLog = 0;
		};
		B36908A1C85578886565FF2A /* [CP] Embed Pods Frameworks */ = {
			isa = PBXShellScriptBuildPhase;
			buildActionMask = 2147483647;
			files = (
			);
			inputPaths = (
				"${SRCROOT}/Pods/Target Support Files/Pods-Venice High/Pods-Venice High-frameworks.sh",
				"${BUILT_PRODUCTS_DIR}/Alamofire/Alamofire.framework",
				"${BUILT_PRODUCTS_DIR}/AlamofireObjectMapper/AlamofireObjectMapper.framework",
				"${BUILT_PRODUCTS_DIR}/JGProgressHUD/JGProgressHUD.framework",
				"${BUILT_PRODUCTS_DIR}/MWFeedParser/MWFeedParser.framework",
				"${BUILT_PRODUCTS_DIR}/MarqueeLabel/MarqueeLabel.framework",
				"${BUILT_PRODUCTS_DIR}/MiniTabBar/MiniTabBar.framework",
				"${BUILT_PRODUCTS_DIR}/ObjectMapper/ObjectMapper.framework",
				"${BUILT_PRODUCTS_DIR}/PermissionScope/PermissionScope.framework",
				"${BUILT_PRODUCTS_DIR}/ReachabilitySwift/ReachabilitySwift.framework",
				"${BUILT_PRODUCTS_DIR}/Spruce/Spruce.framework",
				"${BUILT_PRODUCTS_DIR}/SwiftMapVC/SwiftMapVC.framework",
				"${BUILT_PRODUCTS_DIR}/SwiftWebVC/SwiftWebVC.framework",
				"${BUILT_PRODUCTS_DIR}/SwipeCellKit/SwipeCellKit.framework",
			);
			name = "[CP] Embed Pods Frameworks";
			outputPaths = (
				"${TARGET_BUILD_DIR}/${FRAMEWORKS_FOLDER_PATH}/Alamofire.framework",
				"${TARGET_BUILD_DIR}/${FRAMEWORKS_FOLDER_PATH}/AlamofireObjectMapper.framework",
				"${TARGET_BUILD_DIR}/${FRAMEWORKS_FOLDER_PATH}/JGProgressHUD.framework",
				"${TARGET_BUILD_DIR}/${FRAMEWORKS_FOLDER_PATH}/MWFeedParser.framework",
				"${TARGET_BUILD_DIR}/${FRAMEWORKS_FOLDER_PATH}/MarqueeLabel.framework",
				"${TARGET_BUILD_DIR}/${FRAMEWORKS_FOLDER_PATH}/MiniTabBar.framework",
				"${TARGET_BUILD_DIR}/${FRAMEWORKS_FOLDER_PATH}/ObjectMapper.framework",
				"${TARGET_BUILD_DIR}/${FRAMEWORKS_FOLDER_PATH}/PermissionScope.framework",
				"${TARGET_BUILD_DIR}/${FRAMEWORKS_FOLDER_PATH}/ReachabilitySwift.framework",
				"${TARGET_BUILD_DIR}/${FRAMEWORKS_FOLDER_PATH}/Spruce.framework",
				"${TARGET_BUILD_DIR}/${FRAMEWORKS_FOLDER_PATH}/SwiftMapVC.framework",
				"${TARGET_BUILD_DIR}/${FRAMEWORKS_FOLDER_PATH}/SwiftWebVC.framework",
				"${TARGET_BUILD_DIR}/${FRAMEWORKS_FOLDER_PATH}/SwipeCellKit.framework",
			);
			runOnlyForDeploymentPostprocessing = 0;
			shellPath = /bin/sh;
			shellScript = "\"${SRCROOT}/Pods/Target Support Files/Pods-Venice High/Pods-Venice High-frameworks.sh\"\n";
			showEnvVarsInLog = 0;
		};
		D8F34D8E21FAB50903DD532F /* [CP] Check Pods Manifest.lock */ = {
			isa = PBXShellScriptBuildPhase;
			buildActionMask = 2147483647;
			files = (
			);
			inputPaths = (
				"${PODS_PODFILE_DIR_PATH}/Podfile.lock",
				"${PODS_ROOT}/Manifest.lock",
			);
			name = "[CP] Check Pods Manifest.lock";
			outputPaths = (
				"$(DERIVED_FILE_DIR)/Pods-Bell Schedule-checkManifestLockResult.txt",
			);
			runOnlyForDeploymentPostprocessing = 0;
			shellPath = /bin/sh;
			shellScript = "diff \"${PODS_PODFILE_DIR_PATH}/Podfile.lock\" \"${PODS_ROOT}/Manifest.lock\" > /dev/null\nif [ $? != 0 ] ; then\n    # print error to STDERR\n    echo \"error: The sandbox is not in sync with the Podfile.lock. Run 'pod install' or update your CocoaPods installation.\" >&2\n    exit 1\nfi\n# This output is used by Xcode 'outputs' to avoid re-running this script phase.\necho \"SUCCESS\" > \"${SCRIPT_OUTPUT_FILE_0}\"\n";
			showEnvVarsInLog = 0;
		};
/* End PBXShellScriptBuildPhase section */

/* Begin PBXSourcesBuildPhase section */
		BA412E021E498A39005A0AB5 /* Sources */ = {
			isa = PBXSourcesBuildPhase;
			buildActionMask = 2147483647;
			files = (
				BAAB3CE71E981041000E5A53 /* TabController.swift in Sources */,
				BA42837A1EC3ECF60060441E /* CalendarViewController.swift in Sources */,
				BA2F9C031E7514F300B34EB7 /* DetailViewController.swift in Sources */,
				BAA3A3701F69F8FB00789DCD /* Structs.swift in Sources */,
				BA5A92781EC781E200CD85DC /* NoTimeTableViewCell.swift in Sources */,
				BA306B211E8F8F5200AD1B38 /* RoomViewController.swift in Sources */,
				BA5EA5531EC5A012008A24D2 /* TimeTableViewCell.swift in Sources */,
				BA879FFE1E69447D0012BC41 /* InformationViewController.swift in Sources */,
				BAE0FDA51E9083C300BCFF06 /* SettingsViewController.swift in Sources */,
				BA10BA2A1ED4038900A1EC9A /* CalendarScope.swift in Sources */,
				BA51DEBB1E8F5A03008202C8 /* CreditsViewController.swift in Sources */,
				BAB761DD1E52207700658D0B /* BellViewController.swift in Sources */,
				BAE0FDA71E90856900BCFF06 /* SwitchTableViewCell.swift in Sources */,
				BAEF5A8B1F85C61100302708 /* SearchViewController.swift in Sources */,
				BAB761DF1E52207700658D0B /* StaffViewController.swift in Sources */,
				BAA3A3741F69F90C00789DCD /* Classes.swift in Sources */,
				BA2F9C051E75156600B34EB7 /* SearchTableViewCell.swift in Sources */,
				BAA3A3721F69F90300789DCD /* Extensions.swift in Sources */,
				BA412E0A1E498A39005A0AB5 /* AppDelegate.swift in Sources */,
				BA09DCAC1EDF35ED004725C8 /* ButtonTableViewCell.swift in Sources */,
				BA64A47F1E9B06C2001C7519 /* IndividualSettingController.swift in Sources */,
				BAF8C0741E946CCB00DC80A7 /* AppData.swift in Sources */,
			);
			runOnlyForDeploymentPostprocessing = 0;
		};
		BAC1D6E01EABE60700993ECD /* Sources */ = {
			isa = PBXSourcesBuildPhase;
			buildActionMask = 2147483647;
			files = (
				BAC1D6E91EABE60700993ECD /* TodayViewController.swift in Sources */,
				BA4ED0461F7E079000CF37ED /* Extension.swift in Sources */,
			);
			runOnlyForDeploymentPostprocessing = 0;
		};
/* End PBXSourcesBuildPhase section */

/* Begin PBXTargetDependency section */
		BAC1D6EF1EABE60700993ECD /* PBXTargetDependency */ = {
			isa = PBXTargetDependency;
			target = BAC1D6E31EABE60700993ECD /* Bell Schedule */;
			targetProxy = BAC1D6EE1EABE60700993ECD /* PBXContainerItemProxy */;
		};
/* End PBXTargetDependency section */

/* Begin PBXVariantGroup section */
		BA2842A31EBA756900AAB867 /* MainInterface.storyboard */ = {
			isa = PBXVariantGroup;
			children = (
				BA2842A41EBA756900AAB867 /* Base */,
			);
			name = MainInterface.storyboard;
			path = .;
			sourceTree = "<group>";
		};
		BAB1E6621ECD26080074F27F /* LaunchScreen.storyboard */ = {
			isa = PBXVariantGroup;
			children = (
				BAB1E6631ECD26080074F27F /* Base */,
			);
			name = LaunchScreen.storyboard;
			sourceTree = "<group>";
		};
/* End PBXVariantGroup section */

/* Begin XCBuildConfiguration section */
		BA412E2E1E498A39005A0AB5 /* Debug */ = {
			isa = XCBuildConfiguration;
			buildSettings = {
				ALWAYS_SEARCH_USER_PATHS = NO;
				CLANG_ANALYZER_LOCALIZABILITY_NONLOCALIZED = YES;
				CLANG_CXX_LANGUAGE_STANDARD = "gnu++0x";
				CLANG_CXX_LIBRARY = "libc++";
				CLANG_ENABLE_MODULES = YES;
				CLANG_WARN_BLOCK_CAPTURE_AUTORELEASING = YES;
				CLANG_WARN_BOOL_CONVERSION = YES;
				CLANG_WARN_COMMA = YES;
				CLANG_WARN_CONSTANT_CONVERSION = YES;
				CLANG_WARN_EMPTY_BODY = YES;
				CLANG_WARN_ENUM_CONVERSION = YES;
				CLANG_WARN_INFINITE_RECURSION = YES;
				CLANG_WARN_INT_CONVERSION = YES;
				CLANG_WARN_NON_LITERAL_NULL_CONVERSION = YES;
				CLANG_WARN_OBJC_LITERAL_CONVERSION = YES;
				CLANG_WARN_RANGE_LOOP_ANALYSIS = YES;
				CLANG_WARN_STRICT_PROTOTYPES = YES;
				CLANG_WARN_SUSPICIOUS_MOVE = YES;
				CLANG_WARN_UNREACHABLE_CODE = YES;
				CLANG_WARN__DUPLICATE_METHOD_MATCH = YES;
				COPY_PHASE_STRIP = NO;
				DEBUG_INFORMATION_FORMAT = dwarf;
				ENABLE_STRICT_OBJC_MSGSEND = YES;
				ENABLE_TESTABILITY = YES;
				GCC_NO_COMMON_BLOCKS = YES;
				GCC_WARN_64_TO_32_BIT_CONVERSION = YES;
				GCC_WARN_ABOUT_RETURN_TYPE = YES;
				GCC_WARN_UNDECLARED_SELECTOR = YES;
				GCC_WARN_UNINITIALIZED_AUTOS = YES;
				GCC_WARN_UNUSED_FUNCTION = YES;
				GCC_WARN_UNUSED_VARIABLE = YES;
				IPHONEOS_DEPLOYMENT_TARGET = 9.0;
				MTL_ENABLE_DEBUG_INFO = YES;
				ONLY_ACTIVE_ARCH = YES;
				SDKROOT = iphoneos;
				SWIFT_ACTIVE_COMPILATION_CONDITIONS = DEBUG;
			};
			name = Debug;
		};
		BA412E2F1E498A39005A0AB5 /* Release */ = {
			isa = XCBuildConfiguration;
			buildSettings = {
				ALWAYS_SEARCH_USER_PATHS = NO;
				CLANG_ANALYZER_LOCALIZABILITY_NONLOCALIZED = YES;
				CLANG_CXX_LANGUAGE_STANDARD = "gnu++0x";
				CLANG_CXX_LIBRARY = "libc++";
				CLANG_ENABLE_MODULES = YES;
				CLANG_WARN_BLOCK_CAPTURE_AUTORELEASING = YES;
				CLANG_WARN_BOOL_CONVERSION = YES;
				CLANG_WARN_COMMA = YES;
				CLANG_WARN_CONSTANT_CONVERSION = YES;
				CLANG_WARN_EMPTY_BODY = YES;
				CLANG_WARN_ENUM_CONVERSION = YES;
				CLANG_WARN_INFINITE_RECURSION = YES;
				CLANG_WARN_INT_CONVERSION = YES;
				CLANG_WARN_NON_LITERAL_NULL_CONVERSION = YES;
				CLANG_WARN_OBJC_LITERAL_CONVERSION = YES;
				CLANG_WARN_RANGE_LOOP_ANALYSIS = YES;
				CLANG_WARN_STRICT_PROTOTYPES = YES;
				CLANG_WARN_SUSPICIOUS_MOVE = YES;
				CLANG_WARN_UNREACHABLE_CODE = YES;
				CLANG_WARN__DUPLICATE_METHOD_MATCH = YES;
				COPY_PHASE_STRIP = NO;
				DEBUG_INFORMATION_FORMAT = "dwarf-with-dsym";
				ENABLE_STRICT_OBJC_MSGSEND = YES;
				GCC_NO_COMMON_BLOCKS = YES;
				GCC_WARN_64_TO_32_BIT_CONVERSION = YES;
				GCC_WARN_ABOUT_RETURN_TYPE = YES;
				GCC_WARN_UNDECLARED_SELECTOR = YES;
				GCC_WARN_UNINITIALIZED_AUTOS = YES;
				GCC_WARN_UNUSED_FUNCTION = YES;
				GCC_WARN_UNUSED_VARIABLE = YES;
				IPHONEOS_DEPLOYMENT_TARGET = 9.0;
				MTL_ENABLE_DEBUG_INFO = NO;
				SDKROOT = iphoneos;
				SWIFT_OPTIMIZATION_LEVEL = "-Owholemodule";
				VALIDATE_PRODUCT = YES;
			};
			name = Release;
		};
		BA412E311E498A39005A0AB5 /* Debug */ = {
			isa = XCBuildConfiguration;
			baseConfigurationReference = 2EA1276C51DE06B0F3190859 /* Pods-Venice High.debug.xcconfig */;
			buildSettings = {
				ALWAYS_EMBED_SWIFT_STANDARD_LIBRARIES = "$(inherited)";
				ASSETCATALOG_COMPILER_APPICON_NAME = AppIcon;
				CODE_SIGN_ENTITLEMENTS = "Venice High/System/Venice High.entitlements";
				CODE_SIGN_IDENTITY = "iPhone Developer";
				CODE_SIGN_STYLE = Automatic;
				DEVELOPMENT_TEAM = JTK3ZSHMB9;
				INFOPLIST_FILE = "$(SRCROOT)/Venice High/System/Info.plist";
				IPHONEOS_DEPLOYMENT_TARGET = 9.0;
				LD_RUNPATH_SEARCH_PATHS = "$(inherited) @executable_path/Frameworks";
				PRODUCT_BUNDLE_IDENTIFIER = "com.steets250.Venice-High";
				PRODUCT_NAME = "$(TARGET_NAME)";
				PROVISIONING_PROFILE_SPECIFIER = "";
				SWIFT_VERSION = 3.0;
				TARGETED_DEVICE_FAMILY = 1;
			};
			name = Debug;
		};
		BA412E321E498A39005A0AB5 /* Release */ = {
			isa = XCBuildConfiguration;
			baseConfigurationReference = C56E6091F086575A501130CE /* Pods-Venice High.release.xcconfig */;
			buildSettings = {
				ALWAYS_EMBED_SWIFT_STANDARD_LIBRARIES = "$(inherited)";
				ASSETCATALOG_COMPILER_APPICON_NAME = AppIcon;
				CODE_SIGN_ENTITLEMENTS = "Venice High/System/Venice High.entitlements";
				CODE_SIGN_IDENTITY = "iPhone Developer";
				CODE_SIGN_STYLE = Automatic;
				DEVELOPMENT_TEAM = JTK3ZSHMB9;
				INFOPLIST_FILE = "$(SRCROOT)/Venice High/System/Info.plist";
				IPHONEOS_DEPLOYMENT_TARGET = 9.0;
				LD_RUNPATH_SEARCH_PATHS = "$(inherited) @executable_path/Frameworks";
				PRODUCT_BUNDLE_IDENTIFIER = "com.steets250.Venice-High";
				PRODUCT_NAME = "$(TARGET_NAME)";
				PROVISIONING_PROFILE_SPECIFIER = "";
				SWIFT_ACTIVE_COMPILATION_CONDITIONS = "";
				SWIFT_VERSION = 3.0;
				TARGETED_DEVICE_FAMILY = 1;
			};
			name = Release;
		};
		BAC1D6F11EABE60700993ECD /* Debug */ = {
			isa = XCBuildConfiguration;
			baseConfigurationReference = A9DDA8ABA95CF3C49948F262 /* Pods-Bell Schedule.debug.xcconfig */;
			buildSettings = {
				CODE_SIGN_ENTITLEMENTS = "Bell Schedule/Bell Schedule.entitlements";
				CODE_SIGN_IDENTITY = "iPhone Developer";
				DEVELOPMENT_TEAM = JTK3ZSHMB9;
				INFOPLIST_FILE = "$(SRCROOT)/Bell Schedule/Info.plist";
				IPHONEOS_DEPLOYMENT_TARGET = 9.0;
				LD_RUNPATH_SEARCH_PATHS = "$(inherited) @executable_path/Frameworks @executable_path/../../Frameworks";
				PRODUCT_BUNDLE_IDENTIFIER = "com.steets250.Venice-High.Bell-Schedule";
				PRODUCT_NAME = "$(TARGET_NAME)";
				SKIP_INSTALL = YES;
				SWIFT_VERSION = 3.0;
			};
			name = Debug;
		};
		BAC1D6F21EABE60700993ECD /* Release */ = {
			isa = XCBuildConfiguration;
			baseConfigurationReference = 896CF9C4EEE6C4200B4A77AF /* Pods-Bell Schedule.release.xcconfig */;
			buildSettings = {
				CODE_SIGN_ENTITLEMENTS = "Bell Schedule/Bell Schedule.entitlements";
				CODE_SIGN_IDENTITY = "iPhone Developer";
				DEVELOPMENT_TEAM = JTK3ZSHMB9;
				INFOPLIST_FILE = "$(SRCROOT)/Bell Schedule/Info.plist";
				IPHONEOS_DEPLOYMENT_TARGET = 9.0;
				LD_RUNPATH_SEARCH_PATHS = "$(inherited) @executable_path/Frameworks @executable_path/../../Frameworks";
				PRODUCT_BUNDLE_IDENTIFIER = "com.steets250.Venice-High.Bell-Schedule";
				PRODUCT_NAME = "$(TARGET_NAME)";
				SKIP_INSTALL = YES;
				SWIFT_VERSION = 3.0;
			};
			name = Release;
		};
/* End XCBuildConfiguration section */

/* Begin XCConfigurationList section */
		BA412E011E498A39005A0AB5 /* Build configuration list for PBXProject "Venice High" */ = {
			isa = XCConfigurationList;
			buildConfigurations = (
				BA412E2E1E498A39005A0AB5 /* Debug */,
				BA412E2F1E498A39005A0AB5 /* Release */,
			);
			defaultConfigurationIsVisible = 0;
			defaultConfigurationName = Release;
		};
		BA412E301E498A39005A0AB5 /* Build configuration list for PBXNativeTarget "Venice High" */ = {
			isa = XCConfigurationList;
			buildConfigurations = (
				BA412E311E498A39005A0AB5 /* Debug */,
				BA412E321E498A39005A0AB5 /* Release */,
			);
			defaultConfigurationIsVisible = 0;
			defaultConfigurationName = Release;
		};
		BAC1D6F31EABE60700993ECD /* Build configuration list for PBXNativeTarget "Bell Schedule" */ = {
			isa = XCConfigurationList;
			buildConfigurations = (
				BAC1D6F11EABE60700993ECD /* Debug */,
				BAC1D6F21EABE60700993ECD /* Release */,
			);
			defaultConfigurationIsVisible = 0;
			defaultConfigurationName = Release;
		};
/* End XCConfigurationList section */
	};
	rootObject = BA412DFE1E498A39005A0AB5 /* Project object */;
}
