// !$*UTF8*$!
{
	archiveVersion = 1;
	classes = {
	};
	objectVersion = 48;
	objects = {

/* Begin PBXBuildFile section */
		0B3E4D4CF2812F216B74BCDB /* Pods_Bell_Schedule.framework in Frameworks */ = {isa = PBXBuildFile; fileRef = FD0FEE87A97FF58F0856B973 /* Pods_Bell_Schedule.framework */; };
		49CE60D50A74DAD49EC93F64 /* Pods_Venice_High.framework in Frameworks */ = {isa = PBXBuildFile; fileRef = 4277AD5042704888C149FAC7 /* Pods_Venice_High.framework */; };
		BA269FCA20366B9B00259266 /* SearchViewController.swift in Sources */ = {isa = PBXBuildFile; fileRef = BA269F8820366B9A00259266 /* SearchViewController.swift */; };
		BA269FCB20366B9B00259266 /* DetailViewController.swift in Sources */ = {isa = PBXBuildFile; fileRef = BA269F8920366B9A00259266 /* DetailViewController.swift */; };
		BA269FCC20366B9B00259266 /* ResultsViewController.swift in Sources */ = {isa = PBXBuildFile; fileRef = BA269F8A20366B9A00259266 /* ResultsViewController.swift */; };
		BA269FCD20366B9B00259266 /* ThemePermissionScope.swift in Sources */ = {isa = PBXBuildFile; fileRef = BA269F8C20366B9A00259266 /* ThemePermissionScope.swift */; };
		BA269FCE20366B9B00259266 /* Dark.plist in Resources */ = {isa = PBXBuildFile; fileRef = BA269F8D20366B9A00259266 /* Dark.plist */; };
		BA269FCF20366B9B00259266 /* Light.plist in Resources */ = {isa = PBXBuildFile; fileRef = BA269F8E20366B9A00259266 /* Light.plist */; };
		BA269FD020366B9B00259266 /* ThemeNavigationController.swift in Sources */ = {isa = PBXBuildFile; fileRef = BA269F8F20366B9A00259266 /* ThemeNavigationController.swift */; };
		BA269FD120366B9B00259266 /* ThemeTabBarController.swift in Sources */ = {isa = PBXBuildFile; fileRef = BA269F9020366B9A00259266 /* ThemeTabBarController.swift */; };
		BA269FD220366B9B00259266 /* Building.swift in Sources */ = {isa = PBXBuildFile; fileRef = BA269F9220366B9A00259266 /* Building.swift */; };
		BA269FD320366B9B00259266 /* ArticleGroup.swift in Sources */ = {isa = PBXBuildFile; fileRef = BA269F9320366B9A00259266 /* ArticleGroup.swift */; };
		BA269FD420366B9B00259266 /* Event.swift in Sources */ = {isa = PBXBuildFile; fileRef = BA269F9420366B9A00259266 /* Event.swift */; };
		BA269FD520366B9B00259266 /* Time.swift in Sources */ = {isa = PBXBuildFile; fileRef = BA269F9520366B9A00259266 /* Time.swift */; };
		BA269FD620366B9B00259266 /* YMD.swift in Sources */ = {isa = PBXBuildFile; fileRef = BA269F9620366B9A00259266 /* YMD.swift */; };
		BA269FD720366B9B00259266 /* BellSchedule.swift in Sources */ = {isa = PBXBuildFile; fileRef = BA269F9720366B9A00259266 /* BellSchedule.swift */; };
		BA269FD820366B9B00259266 /* Staff.swift in Sources */ = {isa = PBXBuildFile; fileRef = BA269F9820366B9A00259266 /* Staff.swift */; };
		BA269FD920366B9B00259266 /* Room.swift in Sources */ = {isa = PBXBuildFile; fileRef = BA269F9920366B9A00259266 /* Room.swift */; };
		BA269FDA20366B9B00259266 /* Schedule.swift in Sources */ = {isa = PBXBuildFile; fileRef = BA269F9A20366B9A00259266 /* Schedule.swift */; };
		BA269FDB20366B9B00259266 /* Article.swift in Sources */ = {isa = PBXBuildFile; fileRef = BA269F9B20366B9A00259266 /* Article.swift */; };
		BA269FDC20366B9B00259266 /* Endpoint.swift in Sources */ = {isa = PBXBuildFile; fileRef = BA269F9C20366B9A00259266 /* Endpoint.swift */; };
		BA269FDD20366B9B00259266 /* CalendarScope.swift in Sources */ = {isa = PBXBuildFile; fileRef = BA269F9E20366B9A00259266 /* CalendarScope.swift */; };
		BA269FE020366B9B00259266 /* MD5Digest.swift in Sources */ = {isa = PBXBuildFile; fileRef = BA269FA120366B9A00259266 /* MD5Digest.swift */; };
		BA269FE120366B9B00259266 /* AlertScope.swift in Sources */ = {isa = PBXBuildFile; fileRef = BA269FA220366B9A00259266 /* AlertScope.swift */; };
		BA269FE320366B9B00259266 /* AppData.swift in Sources */ = {isa = PBXBuildFile; fileRef = BA269FA520366B9A00259266 /* AppData.swift */; };
		BA269FE420366B9B00259266 /* Settings.bundle in Resources */ = {isa = PBXBuildFile; fileRef = BA269FA620366B9A00259266 /* Settings.bundle */; };
		BA269FE520366B9B00259266 /* Assets.xcassets in Resources */ = {isa = PBXBuildFile; fileRef = BA269FA720366B9A00259266 /* Assets.xcassets */; };
		BA269FE620366B9B00259266 /* Extensions.swift in Sources */ = {isa = PBXBuildFile; fileRef = BA269FA820366B9A00259266 /* Extensions.swift */; };
		BA269FE720366B9B00259266 /* AppDelegate.swift in Sources */ = {isa = PBXBuildFile; fileRef = BA269FAA20366B9A00259266 /* AppDelegate.swift */; };
		BA269FE920366B9B00259266 /* SegmentTableViewCell.xib in Resources */ = {isa = PBXBuildFile; fileRef = BA269FAD20366B9A00259266 /* SegmentTableViewCell.xib */; };
		BA269FEA20366B9B00259266 /* SegmentTableViewCell.swift in Sources */ = {isa = PBXBuildFile; fileRef = BA269FAE20366B9A00259266 /* SegmentTableViewCell.swift */; };
		BA269FEB20366B9B00259266 /* InfoViewController.swift in Sources */ = {isa = PBXBuildFile; fileRef = BA269FAF20366B9A00259266 /* InfoViewController.swift */; };
		BA269FEC20366B9B00259266 /* Acknowledgements.plist in Resources */ = {isa = PBXBuildFile; fileRef = BA269FB020366B9A00259266 /* Acknowledgements.plist */; };
		BA269FED20366B9B00259266 /* SwitchTableViewCell.xib in Resources */ = {isa = PBXBuildFile; fileRef = BA269FB120366B9A00259266 /* SwitchTableViewCell.xib */; };
		BA269FEE20366B9B00259266 /* SwitchTableViewCell.swift in Sources */ = {isa = PBXBuildFile; fileRef = BA269FB220366B9A00259266 /* SwitchTableViewCell.swift */; };
		BA269FF020366B9B00259266 /* EventViewController.swift in Sources */ = {isa = PBXBuildFile; fileRef = BA269FB720366B9A00259266 /* EventViewController.swift */; };
		BA269FF120366B9B00259266 /* EventTableViewCell.xib in Resources */ = {isa = PBXBuildFile; fileRef = BA269FB820366B9A00259266 /* EventTableViewCell.xib */; };
		BA269FF220366B9B00259266 /* EventTableViewCell.swift in Sources */ = {isa = PBXBuildFile; fileRef = BA269FB920366B9A00259266 /* EventTableViewCell.swift */; };
		BA269FF320366B9B00259266 /* SwipeFunctions.swift in Sources */ = {isa = PBXBuildFile; fileRef = BA269FBA20366B9A00259266 /* SwipeFunctions.swift */; };
		BA269FF420366B9B00259266 /* VisualViewController.swift in Sources */ = {isa = PBXBuildFile; fileRef = BA269FBB20366B9A00259266 /* VisualViewController.swift */; };
		BA269FF520366B9B00259266 /* Buildings.json in Resources */ = {isa = PBXBuildFile; fileRef = BA269FBD20366B9A00259266 /* Buildings.json */; };
		BA269FF620366B9B00259266 /* Dates.json in Resources */ = {isa = PBXBuildFile; fileRef = BA269FBE20366B9A00259266 /* Dates.json */; };
		BA269FF720366B9B00259266 /* Events.json in Resources */ = {isa = PBXBuildFile; fileRef = BA269FBF20366B9A00259266 /* Events.json */; };
		BA269FF820366B9B00259266 /* Staff.json in Resources */ = {isa = PBXBuildFile; fileRef = BA269FC020366B9A00259266 /* Staff.json */; };
		BA269FF920366B9B00259266 /* Minimum.json in Resources */ = {isa = PBXBuildFile; fileRef = BA269FC220366B9A00259266 /* Minimum.json */; };
		BA269FFA20366B9B00259266 /* Schedules.json in Resources */ = {isa = PBXBuildFile; fileRef = BA269FC320366B9A00259266 /* Schedules.json */; };
		BA269FFB20366B9B00259266 /* Regular.json in Resources */ = {isa = PBXBuildFile; fileRef = BA269FC420366B9A00259266 /* Regular.json */; };
		BA269FFC20366B9B00259266 /* Professional.json in Resources */ = {isa = PBXBuildFile; fileRef = BA269FC520366B9A00259266 /* Professional.json */; };
		BA269FFD20366B9B00259266 /* Year.json in Resources */ = {isa = PBXBuildFile; fileRef = BA269FC620366B9A00259266 /* Year.json */; };
		BA269FFE20366B9B00259266 /* Rooms.json in Resources */ = {isa = PBXBuildFile; fileRef = BA269FC720366B9A00259266 /* Rooms.json */; };
		BA269FFF20366B9B00259266 /* BellViewController.swift in Sources */ = {isa = PBXBuildFile; fileRef = BA269FC920366B9B00259266 /* BellViewController.swift */; };
		BA26A00320366BD400259266 /* LaunchScreen.storyboard in Resources */ = {isa = PBXBuildFile; fileRef = BA26A00120366BD400259266 /* LaunchScreen.storyboard */; };
		BA722E09202309FF00248A03 /* NotificationCenter.framework in Frameworks */ = {isa = PBXBuildFile; fileRef = BA722E08202309FF00248A03 /* NotificationCenter.framework */; };
		BA722E13202309FF00248A03 /* Bell Schedule.appex in Embed App Extensions */ = {isa = PBXBuildFile; fileRef = BA722E06202309FF00248A03 /* Bell Schedule.appex */; settings = {ATTRIBUTES = (RemoveHeadersOnCopy, ); }; };
		BA722E1E20230A2200248A03 /* TodayViewController.swift in Sources */ = {isa = PBXBuildFile; fileRef = BA722E1920230A2200248A03 /* TodayViewController.swift */; };
		BA722E2020230A2200248A03 /* Extension.swift in Sources */ = {isa = PBXBuildFile; fileRef = BA722E1D20230A2200248A03 /* Extension.swift */; };
		BA78298A206AEE920059AB1F /* Sundown.swift in Sources */ = {isa = PBXBuildFile; fileRef = BA782989206AEE920059AB1F /* Sundown.swift */; };
		BA85B98520367720008CFA4E /* Setup.swift in Sources */ = {isa = PBXBuildFile; fileRef = BA85B98420367720008CFA4E /* Setup.swift */; };
		BAEACFF320230B5E00553241 /* MainInterface.storyboard in Resources */ = {isa = PBXBuildFile; fileRef = BAEACFF120230B5E00553241 /* MainInterface.storyboard */; };
/* End PBXBuildFile section */

/* Begin PBXContainerItemProxy section */
		BA722E11202309FF00248A03 /* PBXContainerItemProxy */ = {
			isa = PBXContainerItemProxy;
			containerPortal = BA722D9D2023092800248A03 /* Project object */;
			proxyType = 1;
			remoteGlobalIDString = BA722E05202309FF00248A03;
			remoteInfo = "Bell Schedule";
		};
/* End PBXContainerItemProxy section */

/* Begin PBXCopyFilesBuildPhase section */
		BA722E17202309FF00248A03 /* Embed App Extensions */ = {
			isa = PBXCopyFilesBuildPhase;
			buildActionMask = 2147483647;
			dstPath = "";
			dstSubfolderSpec = 13;
			files = (
				BA722E13202309FF00248A03 /* Bell Schedule.appex in Embed App Extensions */,
			);
			name = "Embed App Extensions";
			runOnlyForDeploymentPostprocessing = 0;
		};
/* End PBXCopyFilesBuildPhase section */

/* Begin PBXFileReference section */
		340DF73BA7754C1543299921 /* Pods-Bell Schedule.release.xcconfig */ = {isa = PBXFileReference; includeInIndex = 1; lastKnownFileType = text.xcconfig; name = "Pods-Bell Schedule.release.xcconfig"; path = "Pods/Target Support Files/Pods-Bell Schedule/Pods-Bell Schedule.release.xcconfig"; sourceTree = "<group>"; };
		35F6A02A66E9798C31A6AC74 /* Pods-Venice High.release.xcconfig */ = {isa = PBXFileReference; includeInIndex = 1; lastKnownFileType = text.xcconfig; name = "Pods-Venice High.release.xcconfig"; path = "Pods/Target Support Files/Pods-Venice High/Pods-Venice High.release.xcconfig"; sourceTree = "<group>"; };
		3DEB4BA7918BFCEEDC7A51C8 /* Pods-Venice High.debug.xcconfig */ = {isa = PBXFileReference; includeInIndex = 1; lastKnownFileType = text.xcconfig; name = "Pods-Venice High.debug.xcconfig"; path = "Pods/Target Support Files/Pods-Venice High/Pods-Venice High.debug.xcconfig"; sourceTree = "<group>"; };
		4277AD5042704888C149FAC7 /* Pods_Venice_High.framework */ = {isa = PBXFileReference; explicitFileType = wrapper.framework; includeInIndex = 0; path = Pods_Venice_High.framework; sourceTree = BUILT_PRODUCTS_DIR; };
		A6608DD949264FA95ECB5019 /* Pods-Bell Schedule.debug.xcconfig */ = {isa = PBXFileReference; includeInIndex = 1; lastKnownFileType = text.xcconfig; name = "Pods-Bell Schedule.debug.xcconfig"; path = "Pods/Target Support Files/Pods-Bell Schedule/Pods-Bell Schedule.debug.xcconfig"; sourceTree = "<group>"; };
		BA269F8820366B9A00259266 /* SearchViewController.swift */ = {isa = PBXFileReference; fileEncoding = 4; lastKnownFileType = sourcecode.swift; path = SearchViewController.swift; sourceTree = "<group>"; };
		BA269F8920366B9A00259266 /* DetailViewController.swift */ = {isa = PBXFileReference; fileEncoding = 4; lastKnownFileType = sourcecode.swift; path = DetailViewController.swift; sourceTree = "<group>"; };
		BA269F8A20366B9A00259266 /* ResultsViewController.swift */ = {isa = PBXFileReference; fileEncoding = 4; lastKnownFileType = sourcecode.swift; path = ResultsViewController.swift; sourceTree = "<group>"; };
		BA269F8C20366B9A00259266 /* ThemePermissionScope.swift */ = {isa = PBXFileReference; fileEncoding = 4; lastKnownFileType = sourcecode.swift; path = ThemePermissionScope.swift; sourceTree = "<group>"; };
		BA269F8D20366B9A00259266 /* Dark.plist */ = {isa = PBXFileReference; fileEncoding = 4; lastKnownFileType = text.plist.xml; path = Dark.plist; sourceTree = "<group>"; };
		BA269F8E20366B9A00259266 /* Light.plist */ = {isa = PBXFileReference; fileEncoding = 4; lastKnownFileType = text.plist.xml; path = Light.plist; sourceTree = "<group>"; };
		BA269F8F20366B9A00259266 /* ThemeNavigationController.swift */ = {isa = PBXFileReference; fileEncoding = 4; lastKnownFileType = sourcecode.swift; path = ThemeNavigationController.swift; sourceTree = "<group>"; };
		BA269F9020366B9A00259266 /* ThemeTabBarController.swift */ = {isa = PBXFileReference; fileEncoding = 4; lastKnownFileType = sourcecode.swift; path = ThemeTabBarController.swift; sourceTree = "<group>"; };
		BA269F9220366B9A00259266 /* Building.swift */ = {isa = PBXFileReference; fileEncoding = 4; lastKnownFileType = sourcecode.swift; path = Building.swift; sourceTree = "<group>"; };
		BA269F9320366B9A00259266 /* ArticleGroup.swift */ = {isa = PBXFileReference; fileEncoding = 4; lastKnownFileType = sourcecode.swift; path = ArticleGroup.swift; sourceTree = "<group>"; };
		BA269F9420366B9A00259266 /* Event.swift */ = {isa = PBXFileReference; fileEncoding = 4; lastKnownFileType = sourcecode.swift; path = Event.swift; sourceTree = "<group>"; };
		BA269F9520366B9A00259266 /* Time.swift */ = {isa = PBXFileReference; fileEncoding = 4; lastKnownFileType = sourcecode.swift; path = Time.swift; sourceTree = "<group>"; };
		BA269F9620366B9A00259266 /* YMD.swift */ = {isa = PBXFileReference; fileEncoding = 4; lastKnownFileType = sourcecode.swift; path = YMD.swift; sourceTree = "<group>"; };
		BA269F9720366B9A00259266 /* BellSchedule.swift */ = {isa = PBXFileReference; fileEncoding = 4; lastKnownFileType = sourcecode.swift; path = BellSchedule.swift; sourceTree = "<group>"; };
		BA269F9820366B9A00259266 /* Staff.swift */ = {isa = PBXFileReference; fileEncoding = 4; lastKnownFileType = sourcecode.swift; path = Staff.swift; sourceTree = "<group>"; };
		BA269F9920366B9A00259266 /* Room.swift */ = {isa = PBXFileReference; fileEncoding = 4; lastKnownFileType = sourcecode.swift; path = Room.swift; sourceTree = "<group>"; };
		BA269F9A20366B9A00259266 /* Schedule.swift */ = {isa = PBXFileReference; fileEncoding = 4; lastKnownFileType = sourcecode.swift; path = Schedule.swift; sourceTree = "<group>"; };
		BA269F9B20366B9A00259266 /* Article.swift */ = {isa = PBXFileReference; fileEncoding = 4; lastKnownFileType = sourcecode.swift; path = Article.swift; sourceTree = "<group>"; };
		BA269F9C20366B9A00259266 /* Endpoint.swift */ = {isa = PBXFileReference; fileEncoding = 4; lastKnownFileType = sourcecode.swift; path = Endpoint.swift; sourceTree = "<group>"; };
		BA269F9E20366B9A00259266 /* CalendarScope.swift */ = {isa = PBXFileReference; fileEncoding = 4; lastKnownFileType = sourcecode.swift; path = CalendarScope.swift; sourceTree = "<group>"; };
		BA269FA120366B9A00259266 /* MD5Digest.swift */ = {isa = PBXFileReference; fileEncoding = 4; lastKnownFileType = sourcecode.swift; path = MD5Digest.swift; sourceTree = "<group>"; };
		BA269FA220366B9A00259266 /* AlertScope.swift */ = {isa = PBXFileReference; fileEncoding = 4; lastKnownFileType = sourcecode.swift; path = AlertScope.swift; sourceTree = "<group>"; };
		BA269FA520366B9A00259266 /* AppData.swift */ = {isa = PBXFileReference; fileEncoding = 4; lastKnownFileType = sourcecode.swift; path = AppData.swift; sourceTree = "<group>"; };
		BA269FA620366B9A00259266 /* Settings.bundle */ = {isa = PBXFileReference; lastKnownFileType = "wrapper.plug-in"; path = Settings.bundle; sourceTree = "<group>"; };
		BA269FA720366B9A00259266 /* Assets.xcassets */ = {isa = PBXFileReference; lastKnownFileType = folder.assetcatalog; path = Assets.xcassets; sourceTree = "<group>"; };
		BA269FA820366B9A00259266 /* Extensions.swift */ = {isa = PBXFileReference; fileEncoding = 4; lastKnownFileType = sourcecode.swift; path = Extensions.swift; sourceTree = "<group>"; };
		BA269FA920366B9A00259266 /* Venice High.entitlements */ = {isa = PBXFileReference; fileEncoding = 4; lastKnownFileType = text.plist.entitlements; path = "Venice High.entitlements"; sourceTree = "<group>"; };
		BA269FAA20366B9A00259266 /* AppDelegate.swift */ = {isa = PBXFileReference; fileEncoding = 4; lastKnownFileType = sourcecode.swift; path = AppDelegate.swift; sourceTree = "<group>"; };
		BA269FAB20366B9A00259266 /* Info.plist */ = {isa = PBXFileReference; fileEncoding = 4; lastKnownFileType = text.plist.xml; path = Info.plist; sourceTree = "<group>"; };
		BA269FAD20366B9A00259266 /* SegmentTableViewCell.xib */ = {isa = PBXFileReference; fileEncoding = 4; lastKnownFileType = file.xib; path = SegmentTableViewCell.xib; sourceTree = "<group>"; };
		BA269FAE20366B9A00259266 /* SegmentTableViewCell.swift */ = {isa = PBXFileReference; fileEncoding = 4; lastKnownFileType = sourcecode.swift; path = SegmentTableViewCell.swift; sourceTree = "<group>"; };
		BA269FAF20366B9A00259266 /* InfoViewController.swift */ = {isa = PBXFileReference; fileEncoding = 4; lastKnownFileType = sourcecode.swift; path = InfoViewController.swift; sourceTree = "<group>"; };
		BA269FB020366B9A00259266 /* Acknowledgements.plist */ = {isa = PBXFileReference; fileEncoding = 4; lastKnownFileType = text.plist.xml; path = Acknowledgements.plist; sourceTree = "<group>"; };
		BA269FB120366B9A00259266 /* SwitchTableViewCell.xib */ = {isa = PBXFileReference; fileEncoding = 4; lastKnownFileType = file.xib; path = SwitchTableViewCell.xib; sourceTree = "<group>"; };
		BA269FB220366B9A00259266 /* SwitchTableViewCell.swift */ = {isa = PBXFileReference; fileEncoding = 4; lastKnownFileType = sourcecode.swift; path = SwitchTableViewCell.swift; sourceTree = "<group>"; };
		BA269FB720366B9A00259266 /* EventViewController.swift */ = {isa = PBXFileReference; fileEncoding = 4; lastKnownFileType = sourcecode.swift; path = EventViewController.swift; sourceTree = "<group>"; };
		BA269FB820366B9A00259266 /* EventTableViewCell.xib */ = {isa = PBXFileReference; fileEncoding = 4; lastKnownFileType = file.xib; path = EventTableViewCell.xib; sourceTree = "<group>"; };
		BA269FB920366B9A00259266 /* EventTableViewCell.swift */ = {isa = PBXFileReference; fileEncoding = 4; lastKnownFileType = sourcecode.swift; path = EventTableViewCell.swift; sourceTree = "<group>"; };
		BA269FBA20366B9A00259266 /* SwipeFunctions.swift */ = {isa = PBXFileReference; fileEncoding = 4; lastKnownFileType = sourcecode.swift; path = SwipeFunctions.swift; sourceTree = "<group>"; };
		BA269FBB20366B9A00259266 /* VisualViewController.swift */ = {isa = PBXFileReference; fileEncoding = 4; lastKnownFileType = sourcecode.swift; path = VisualViewController.swift; sourceTree = "<group>"; };
		BA269FBD20366B9A00259266 /* Buildings.json */ = {isa = PBXFileReference; fileEncoding = 4; lastKnownFileType = text.json; path = Buildings.json; sourceTree = "<group>"; };
		BA269FBE20366B9A00259266 /* Dates.json */ = {isa = PBXFileReference; fileEncoding = 4; lastKnownFileType = text.json; path = Dates.json; sourceTree = "<group>"; };
		BA269FBF20366B9A00259266 /* Events.json */ = {isa = PBXFileReference; fileEncoding = 4; lastKnownFileType = text.json; path = Events.json; sourceTree = "<group>"; };
		BA269FC020366B9A00259266 /* Staff.json */ = {isa = PBXFileReference; fileEncoding = 4; lastKnownFileType = text.json; path = Staff.json; sourceTree = "<group>"; };
		BA269FC220366B9A00259266 /* Minimum.json */ = {isa = PBXFileReference; fileEncoding = 4; lastKnownFileType = text.json; path = Minimum.json; sourceTree = "<group>"; };
		BA269FC320366B9A00259266 /* Schedules.json */ = {isa = PBXFileReference; fileEncoding = 4; lastKnownFileType = text.json; path = Schedules.json; sourceTree = "<group>"; };
		BA269FC420366B9A00259266 /* Regular.json */ = {isa = PBXFileReference; fileEncoding = 4; lastKnownFileType = text.json; path = Regular.json; sourceTree = "<group>"; };
		BA269FC520366B9A00259266 /* Professional.json */ = {isa = PBXFileReference; fileEncoding = 4; lastKnownFileType = text.json; path = Professional.json; sourceTree = "<group>"; };
		BA269FC620366B9A00259266 /* Year.json */ = {isa = PBXFileReference; fileEncoding = 4; lastKnownFileType = text.json; path = Year.json; sourceTree = "<group>"; };
		BA269FC720366B9A00259266 /* Rooms.json */ = {isa = PBXFileReference; fileEncoding = 4; lastKnownFileType = text.json; path = Rooms.json; sourceTree = "<group>"; };
		BA269FC920366B9B00259266 /* BellViewController.swift */ = {isa = PBXFileReference; fileEncoding = 4; lastKnownFileType = sourcecode.swift; path = BellViewController.swift; sourceTree = "<group>"; };
		BA26A00220366BD400259266 /* Base */ = {isa = PBXFileReference; lastKnownFileType = file.storyboard; name = Base; path = LaunchScreen.storyboard; sourceTree = "<group>"; };
		BA722DA52023092800248A03 /* Venice High.app */ = {isa = PBXFileReference; explicitFileType = wrapper.application; includeInIndex = 0; path = "Venice High.app"; sourceTree = BUILT_PRODUCTS_DIR; };
		BA722E06202309FF00248A03 /* Bell Schedule.appex */ = {isa = PBXFileReference; explicitFileType = "wrapper.app-extension"; includeInIndex = 0; path = "Bell Schedule.appex"; sourceTree = BUILT_PRODUCTS_DIR; };
		BA722E08202309FF00248A03 /* NotificationCenter.framework */ = {isa = PBXFileReference; lastKnownFileType = wrapper.framework; name = NotificationCenter.framework; path = System/Library/Frameworks/NotificationCenter.framework; sourceTree = SDKROOT; };
		BA722E10202309FF00248A03 /* Info.plist */ = {isa = PBXFileReference; lastKnownFileType = text.plist.xml; path = Info.plist; sourceTree = "<group>"; };
		BA722E1820230A2200248A03 /* Bell Schedule.entitlements */ = {isa = PBXFileReference; fileEncoding = 4; lastKnownFileType = text.plist.entitlements; path = "Bell Schedule.entitlements"; sourceTree = "<group>"; };
		BA722E1920230A2200248A03 /* TodayViewController.swift */ = {isa = PBXFileReference; fileEncoding = 4; lastKnownFileType = sourcecode.swift; path = TodayViewController.swift; sourceTree = "<group>"; };
		BA722E1D20230A2200248A03 /* Extension.swift */ = {isa = PBXFileReference; fileEncoding = 4; lastKnownFileType = sourcecode.swift; path = Extension.swift; sourceTree = "<group>"; };
		BA782989206AEE920059AB1F /* Sundown.swift */ = {isa = PBXFileReference; lastKnownFileType = sourcecode.swift; path = Sundown.swift; sourceTree = "<group>"; };
		BA85B98420367720008CFA4E /* Setup.swift */ = {isa = PBXFileReference; lastKnownFileType = sourcecode.swift; path = Setup.swift; sourceTree = "<group>"; };
		BAEACFF220230B5E00553241 /* Base */ = {isa = PBXFileReference; lastKnownFileType = file.storyboard; name = Base; path = Base.lproj/MainInterface.storyboard; sourceTree = "<group>"; };
		FD0FEE87A97FF58F0856B973 /* Pods_Bell_Schedule.framework */ = {isa = PBXFileReference; explicitFileType = wrapper.framework; includeInIndex = 0; path = Pods_Bell_Schedule.framework; sourceTree = BUILT_PRODUCTS_DIR; };
/* End PBXFileReference section */

/* Begin PBXFrameworksBuildPhase section */
		BA722DA22023092800248A03 /* Frameworks */ = {
			isa = PBXFrameworksBuildPhase;
			buildActionMask = 2147483647;
			files = (
				49CE60D50A74DAD49EC93F64 /* Pods_Venice_High.framework in Frameworks */,
			);
			runOnlyForDeploymentPostprocessing = 0;
		};
		BA722E03202309FF00248A03 /* Frameworks */ = {
			isa = PBXFrameworksBuildPhase;
			buildActionMask = 2147483647;
			files = (
				BA722E09202309FF00248A03 /* NotificationCenter.framework in Frameworks */,
				0B3E4D4CF2812F216B74BCDB /* Pods_Bell_Schedule.framework in Frameworks */,
			);
			runOnlyForDeploymentPostprocessing = 0;
		};
/* End PBXFrameworksBuildPhase section */

/* Begin PBXGroup section */
		56813EA34D79C0A37F1C1B27 /* Pods */ = {
			isa = PBXGroup;
			children = (
				A6608DD949264FA95ECB5019 /* Pods-Bell Schedule.debug.xcconfig */,
				340DF73BA7754C1543299921 /* Pods-Bell Schedule.release.xcconfig */,
				3DEB4BA7918BFCEEDC7A51C8 /* Pods-Venice High.debug.xcconfig */,
				35F6A02A66E9798C31A6AC74 /* Pods-Venice High.release.xcconfig */,
			);
			name = Pods;
			sourceTree = "<group>";
		};
		BA269F8720366B9A00259266 /* Search */ = {
			isa = PBXGroup;
			children = (
				BA269F9220366B9A00259266 /* Building.swift */,
				BA269F8920366B9A00259266 /* DetailViewController.swift */,
				BA269F8A20366B9A00259266 /* ResultsViewController.swift */,
				BA269F9920366B9A00259266 /* Room.swift */,
				BA269F8820366B9A00259266 /* SearchViewController.swift */,
				BA269F9820366B9A00259266 /* Staff.swift */,
			);
			path = Search;
			sourceTree = "<group>";
		};
		BA269F8B20366B9A00259266 /* Theme */ = {
			isa = PBXGroup;
			children = (
				BA269F8D20366B9A00259266 /* Dark.plist */,
				BA269F8E20366B9A00259266 /* Light.plist */,
				BA269F8F20366B9A00259266 /* ThemeNavigationController.swift */,
				BA269F8C20366B9A00259266 /* ThemePermissionScope.swift */,
				BA269F9020366B9A00259266 /* ThemeTabBarController.swift */,
			);
			path = Theme;
			sourceTree = "<group>";
		};
		BA269F9D20366B9A00259266 /* Classes */ = {
			isa = PBXGroup;
			children = (
				BA269FA220366B9A00259266 /* AlertScope.swift */,
				BA269F9E20366B9A00259266 /* CalendarScope.swift */,
				BA269FA120366B9A00259266 /* MD5Digest.swift */,
				BA85B98420367720008CFA4E /* Setup.swift */,
				BA782989206AEE920059AB1F /* Sundown.swift */,
			);
			path = Classes;
			sourceTree = "<group>";
		};
		BA269FA420366B9A00259266 /* System */ = {
			isa = PBXGroup;
			children = (
				BA269FA720366B9A00259266 /* Assets.xcassets */,
				BA269FAB20366B9A00259266 /* Info.plist */,
				BA269FBC20366B9A00259266 /* Json */,
				BA269FA620366B9A00259266 /* Settings.bundle */,
				BA269FA920366B9A00259266 /* Venice High.entitlements */,
			);
			path = System;
			sourceTree = "<group>";
		};
		BA269FAC20366B9A00259266 /* Info */ = {
			isa = PBXGroup;
			children = (
				BA269FB020366B9A00259266 /* Acknowledgements.plist */,
				BA269FAF20366B9A00259266 /* InfoViewController.swift */,
				BA269FAE20366B9A00259266 /* SegmentTableViewCell.swift */,
				BA269FAD20366B9A00259266 /* SegmentTableViewCell.xib */,
				BA269FB220366B9A00259266 /* SwitchTableViewCell.swift */,
				BA269FB120366B9A00259266 /* SwitchTableViewCell.xib */,
			);
			path = Info;
			sourceTree = "<group>";
		};
		BA269FB620366B9A00259266 /* Calendar */ = {
			isa = PBXGroup;
			children = (
				BA269F9B20366B9A00259266 /* Article.swift */,
				BA269F9320366B9A00259266 /* ArticleGroup.swift */,
				BA269F9420366B9A00259266 /* Event.swift */,
				BA269FB920366B9A00259266 /* EventTableViewCell.swift */,
				BA269FB820366B9A00259266 /* EventTableViewCell.xib */,
				BA269FB720366B9A00259266 /* EventViewController.swift */,
				BA269FBA20366B9A00259266 /* SwipeFunctions.swift */,
				BA269FBB20366B9A00259266 /* VisualViewController.swift */,
			);
			path = Calendar;
			sourceTree = "<group>";
		};
		BA269FBC20366B9A00259266 /* Json */ = {
			isa = PBXGroup;
			children = (
				BA269FBD20366B9A00259266 /* Buildings.json */,
				BA269FBE20366B9A00259266 /* Dates.json */,
				BA269FBF20366B9A00259266 /* Events.json */,
				BA269FC020366B9A00259266 /* Staff.json */,
				BA269FC120366B9A00259266 /* Times */,
				BA269FC620366B9A00259266 /* Year.json */,
				BA269FC720366B9A00259266 /* Rooms.json */,
			);
			path = Json;
			sourceTree = "<group>";
		};
		BA269FC120366B9A00259266 /* Times */ = {
			isa = PBXGroup;
			children = (
				BA269FC220366B9A00259266 /* Minimum.json */,
				BA269FC320366B9A00259266 /* Schedules.json */,
				BA269FC420366B9A00259266 /* Regular.json */,
				BA269FC520366B9A00259266 /* Professional.json */,
			);
			path = Times;
			sourceTree = "<group>";
		};
		BA269FC820366B9B00259266 /* Bell */ = {
			isa = PBXGroup;
			children = (
				BA269F9720366B9A00259266 /* BellSchedule.swift */,
				BA269FC920366B9B00259266 /* BellViewController.swift */,
				BA269F9A20366B9A00259266 /* Schedule.swift */,
				BA269F9520366B9A00259266 /* Time.swift */,
				BA269F9620366B9A00259266 /* YMD.swift */,
			);
			path = Bell;
			sourceTree = "<group>";
		};
		BA26A00420366C0200259266 /* Launch */ = {
			isa = PBXGroup;
			children = (
				BA269FA520366B9A00259266 /* AppData.swift */,
				BA269FAA20366B9A00259266 /* AppDelegate.swift */,
				BA269F9C20366B9A00259266 /* Endpoint.swift */,
				BA269FA820366B9A00259266 /* Extensions.swift */,
				BA26A00120366BD400259266 /* LaunchScreen.storyboard */,
			);
			path = Launch;
			sourceTree = "<group>";
		};
		BA722D9C2023092800248A03 = {
			isa = PBXGroup;
			children = (
				BA722DA72023092800248A03 /* Venice High */,
				BA722E0A202309FF00248A03 /* Bell Schedule */,
				BA722E07202309FF00248A03 /* Frameworks */,
				BA722DA62023092800248A03 /* Products */,
				56813EA34D79C0A37F1C1B27 /* Pods */,
			);
			sourceTree = "<group>";
		};
		BA722DA62023092800248A03 /* Products */ = {
			isa = PBXGroup;
			children = (
				BA722DA52023092800248A03 /* Venice High.app */,
				BA722E06202309FF00248A03 /* Bell Schedule.appex */,
			);
			name = Products;
			sourceTree = "<group>";
		};
		BA722DA72023092800248A03 /* Venice High */ = {
			isa = PBXGroup;
			children = (
				BA269FC820366B9B00259266 /* Bell */,
				BA269FB620366B9A00259266 /* Calendar */,
				BA269F9D20366B9A00259266 /* Classes */,
				BA269FAC20366B9A00259266 /* Info */,
				BA26A00420366C0200259266 /* Launch */,
				BA269F8720366B9A00259266 /* Search */,
				BA269FA420366B9A00259266 /* System */,
				BA269F8B20366B9A00259266 /* Theme */,
			);
			path = "Venice High";
			sourceTree = "<group>";
		};
		BA722E07202309FF00248A03 /* Frameworks */ = {
			isa = PBXGroup;
			children = (
				BA722E08202309FF00248A03 /* NotificationCenter.framework */,
				FD0FEE87A97FF58F0856B973 /* Pods_Bell_Schedule.framework */,
				4277AD5042704888C149FAC7 /* Pods_Venice_High.framework */,
			);
			name = Frameworks;
			sourceTree = "<group>";
		};
		BA722E0A202309FF00248A03 /* Bell Schedule */ = {
			isa = PBXGroup;
			children = (
				BA722E1820230A2200248A03 /* Bell Schedule.entitlements */,
				BA722E1D20230A2200248A03 /* Extension.swift */,
				BA722E10202309FF00248A03 /* Info.plist */,
				BAEACFF120230B5E00553241 /* MainInterface.storyboard */,
				BA722E1920230A2200248A03 /* TodayViewController.swift */,
			);
			path = "Bell Schedule";
			sourceTree = "<group>";
		};
/* End PBXGroup section */

/* Begin PBXNativeTarget section */
		BA722DA42023092800248A03 /* Venice High */ = {
			isa = PBXNativeTarget;
			buildConfigurationList = BA722DB72023092800248A03 /* Build configuration list for PBXNativeTarget "Venice High" */;
			buildPhases = (
				E219A6BFC855CFE01E51BB31 /* [CP] Check Pods Manifest.lock */,
				BA722DA12023092800248A03 /* Sources */,
				BA722DA22023092800248A03 /* Frameworks */,
				BA722DA32023092800248A03 /* Resources */,
				BA722E17202309FF00248A03 /* Embed App Extensions */,
				A0ED1B4BF6D8DE7D6FCFF25A /* [CP] Embed Pods Frameworks */,
				7C6746B0A24DE33C295B538D /* [CP] Copy Pods Resources */,
			);
			buildRules = (
			);
			dependencies = (
				BA722E12202309FF00248A03 /* PBXTargetDependency */,
			);
			name = "Venice High";
			productName = "Venice High";
			productReference = BA722DA52023092800248A03 /* Venice High.app */;
			productType = "com.apple.product-type.application";
		};
		BA722E05202309FF00248A03 /* Bell Schedule */ = {
			isa = PBXNativeTarget;
			buildConfigurationList = BA722E14202309FF00248A03 /* Build configuration list for PBXNativeTarget "Bell Schedule" */;
			buildPhases = (
				D6FCB6CCF06DF27F35FD5D4A /* [CP] Check Pods Manifest.lock */,
				BA722E02202309FF00248A03 /* Sources */,
				BA722E03202309FF00248A03 /* Frameworks */,
				BA722E04202309FF00248A03 /* Resources */,
				4DE5858CF9ED3D4E87959F27 /* [CP] Copy Pods Resources */,
			);
			buildRules = (
			);
			dependencies = (
			);
			name = "Bell Schedule";
			productName = "Bell Schedule";
			productReference = BA722E06202309FF00248A03 /* Bell Schedule.appex */;
			productType = "com.apple.product-type.app-extension";
		};
/* End PBXNativeTarget section */

/* Begin PBXProject section */
		BA722D9D2023092800248A03 /* Project object */ = {
			isa = PBXProject;
			attributes = {
				LastSwiftUpdateCheck = 0920;
				LastUpgradeCheck = 0930;
				ORGANIZATIONNAME = "Steven Steiner";
				TargetAttributes = {
					BA722DA42023092800248A03 = {
						CreatedOnToolsVersion = 9.2;
						ProvisioningStyle = Automatic;
						SystemCapabilities = {
							com.apple.ApplicationGroups.iOS = {
								enabled = 1;
							};
						};
					};
					BA722E05202309FF00248A03 = {
						CreatedOnToolsVersion = 9.2;
						LastSwiftMigration = 0920;
						ProvisioningStyle = Automatic;
						SystemCapabilities = {
							com.apple.ApplicationGroups.iOS = {
								enabled = 1;
							};
						};
					};
				};
			};
			buildConfigurationList = BA722DA02023092800248A03 /* Build configuration list for PBXProject "Venice High" */;
			compatibilityVersion = "Xcode 8.0";
			developmentRegion = en;
			hasScannedForEncodings = 0;
			knownRegions = (
				en,
				Base,
			);
			mainGroup = BA722D9C2023092800248A03;
			productRefGroup = BA722DA62023092800248A03 /* Products */;
			projectDirPath = "";
			projectRoot = "";
			targets = (
				BA722DA42023092800248A03 /* Venice High */,
				BA722E05202309FF00248A03 /* Bell Schedule */,
			);
		};
/* End PBXProject section */

/* Begin PBXResourcesBuildPhase section */
		BA722DA32023092800248A03 /* Resources */ = {
			isa = PBXResourcesBuildPhase;
			buildActionMask = 2147483647;
			files = (
				BA269FF120366B9B00259266 /* EventTableViewCell.xib in Resources */,
				BA269FEC20366B9B00259266 /* Acknowledgements.plist in Resources */,
				BA269FCE20366B9B00259266 /* Dark.plist in Resources */,
				BA269FE420366B9B00259266 /* Settings.bundle in Resources */,
				BA269FE520366B9B00259266 /* Assets.xcassets in Resources */,
				BA269FFA20366B9B00259266 /* Schedules.json in Resources */,
				BA269FFB20366B9B00259266 /* Regular.json in Resources */,
				BA269FFC20366B9B00259266 /* Professional.json in Resources */,
				BA269FF820366B9B00259266 /* Staff.json in Resources */,
				BA269FF920366B9B00259266 /* Minimum.json in Resources */,
				BA269FF720366B9B00259266 /* Events.json in Resources */,
				BA269FED20366B9B00259266 /* SwitchTableViewCell.xib in Resources */,
				BA26A00320366BD400259266 /* LaunchScreen.storyboard in Resources */,
				BA269FFE20366B9B00259266 /* Rooms.json in Resources */,
				BA269FCF20366B9B00259266 /* Light.plist in Resources */,
				BA269FF520366B9B00259266 /* Buildings.json in Resources */,
				BA269FE920366B9B00259266 /* SegmentTableViewCell.xib in Resources */,
				BA269FFD20366B9B00259266 /* Year.json in Resources */,
				BA269FF620366B9B00259266 /* Dates.json in Resources */,
			);
			runOnlyForDeploymentPostprocessing = 0;
		};
		BA722E04202309FF00248A03 /* Resources */ = {
			isa = PBXResourcesBuildPhase;
			buildActionMask = 2147483647;
			files = (
				BAEACFF320230B5E00553241 /* MainInterface.storyboard in Resources */,
			);
			runOnlyForDeploymentPostprocessing = 0;
		};
/* End PBXResourcesBuildPhase section */

/* Begin PBXShellScriptBuildPhase section */
		4DE5858CF9ED3D4E87959F27 /* [CP] Copy Pods Resources */ = {
			isa = PBXShellScriptBuildPhase;
			buildActionMask = 2147483647;
			files = (
			);
			inputPaths = (
			);
			name = "[CP] Copy Pods Resources";
			outputPaths = (
			);
			runOnlyForDeploymentPostprocessing = 0;
			shellPath = /bin/sh;
			shellScript = "\"${SRCROOT}/Pods/Target Support Files/Pods-Bell Schedule/Pods-Bell Schedule-resources.sh\"\n";
			showEnvVarsInLog = 0;
		};
		7C6746B0A24DE33C295B538D /* [CP] Copy Pods Resources */ = {
			isa = PBXShellScriptBuildPhase;
			buildActionMask = 2147483647;
			files = (
			);
			inputPaths = (
			);
			name = "[CP] Copy Pods Resources";
			outputPaths = (
			);
			runOnlyForDeploymentPostprocessing = 0;
			shellPath = /bin/sh;
			shellScript = "\"${SRCROOT}/Pods/Target Support Files/Pods-Venice High/Pods-Venice High-resources.sh\"\n";
			showEnvVarsInLog = 0;
		};
		A0ED1B4BF6D8DE7D6FCFF25A /* [CP] Embed Pods Frameworks */ = {
			isa = PBXShellScriptBuildPhase;
			buildActionMask = 2147483647;
			files = (
			);
			inputPaths = (
				"${SRCROOT}/Pods/Target Support Files/Pods-Venice High/Pods-Venice High-frameworks.sh",
				"${BUILT_PRODUCTS_DIR}/Alamofire/Alamofire.framework",
				"${BUILT_PRODUCTS_DIR}/Alamofire-Synchronous/Alamofire_Synchronous.framework",
				"${BUILT_PRODUCTS_DIR}/Cartography/Cartography.framework",
				"${BUILT_PRODUCTS_DIR}/FSCalendar/FSCalendar.framework",
				"${BUILT_PRODUCTS_DIR}/JGProgressHUD/JGProgressHUD.framework",
				"${BUILT_PRODUCTS_DIR}/MWFeedParser/MWFeedParser.framework",
				"${BUILT_PRODUCTS_DIR}/PMAlertController/PMAlertController.framework",
				"${BUILT_PRODUCTS_DIR}/PermissionScope/PermissionScope.framework",
				"${BUILT_PRODUCTS_DIR}/RFAboutView-Swift/RFAboutView_Swift.framework",
				"${BUILT_PRODUCTS_DIR}/ReachabilitySwift/Reachability.framework",
				"${BUILT_PRODUCTS_DIR}/Solar/Solar.framework",
				"${BUILT_PRODUCTS_DIR}/Spruce/Spruce.framework",
				"${BUILT_PRODUCTS_DIR}/SwiftMapVC/SwiftMapVC.framework",
				"${BUILT_PRODUCTS_DIR}/SwiftTheme/SwiftTheme.framework",
				"${BUILT_PRODUCTS_DIR}/SwiftWebVC/SwiftWebVC.framework",
				"${BUILT_PRODUCTS_DIR}/SwipeCellKit/SwipeCellKit.framework",
				"${BUILT_PRODUCTS_DIR}/ObjectMapper/ObjectMapper.framework",
			);
			name = "[CP] Embed Pods Frameworks";
			outputPaths = (
				"${TARGET_BUILD_DIR}/${FRAMEWORKS_FOLDER_PATH}/Alamofire.framework",
				"${TARGET_BUILD_DIR}/${FRAMEWORKS_FOLDER_PATH}/Alamofire_Synchronous.framework",
				"${TARGET_BUILD_DIR}/${FRAMEWORKS_FOLDER_PATH}/Cartography.framework",
				"${TARGET_BUILD_DIR}/${FRAMEWORKS_FOLDER_PATH}/FSCalendar.framework",
				"${TARGET_BUILD_DIR}/${FRAMEWORKS_FOLDER_PATH}/JGProgressHUD.framework",
				"${TARGET_BUILD_DIR}/${FRAMEWORKS_FOLDER_PATH}/MWFeedParser.framework",
				"${TARGET_BUILD_DIR}/${FRAMEWORKS_FOLDER_PATH}/PMAlertController.framework",
				"${TARGET_BUILD_DIR}/${FRAMEWORKS_FOLDER_PATH}/PermissionScope.framework",
				"${TARGET_BUILD_DIR}/${FRAMEWORKS_FOLDER_PATH}/RFAboutView_Swift.framework",
				"${TARGET_BUILD_DIR}/${FRAMEWORKS_FOLDER_PATH}/Reachability.framework",
				"${TARGET_BUILD_DIR}/${FRAMEWORKS_FOLDER_PATH}/Solar.framework",
				"${TARGET_BUILD_DIR}/${FRAMEWORKS_FOLDER_PATH}/Spruce.framework",
				"${TARGET_BUILD_DIR}/${FRAMEWORKS_FOLDER_PATH}/SwiftMapVC.framework",
				"${TARGET_BUILD_DIR}/${FRAMEWORKS_FOLDER_PATH}/SwiftTheme.framework",
				"${TARGET_BUILD_DIR}/${FRAMEWORKS_FOLDER_PATH}/SwiftWebVC.framework",
				"${TARGET_BUILD_DIR}/${FRAMEWORKS_FOLDER_PATH}/SwipeCellKit.framework",
				"${TARGET_BUILD_DIR}/${FRAMEWORKS_FOLDER_PATH}/ObjectMapper.framework",
			);
			runOnlyForDeploymentPostprocessing = 0;
			shellPath = /bin/sh;
			shellScript = "\"${SRCROOT}/Pods/Target Support Files/Pods-Venice High/Pods-Venice High-frameworks.sh\"\n";
			showEnvVarsInLog = 0;
		};
		D6FCB6CCF06DF27F35FD5D4A /* [CP] Check Pods Manifest.lock */ = {
			isa = PBXShellScriptBuildPhase;
			buildActionMask = 2147483647;
			files = (
			);
			inputPaths = (
				"${PODS_PODFILE_DIR_PATH}/Podfile.lock",
				"${PODS_ROOT}/Manifest.lock",
			);
			name = "[CP] Check Pods Manifest.lock";
			outputPaths = (
				"$(DERIVED_FILE_DIR)/Pods-Bell Schedule-checkManifestLockResult.txt",
			);
			runOnlyForDeploymentPostprocessing = 0;
			shellPath = /bin/sh;
			shellScript = "diff \"${PODS_PODFILE_DIR_PATH}/Podfile.lock\" \"${PODS_ROOT}/Manifest.lock\" > /dev/null\nif [ $? != 0 ] ; then\n    # print error to STDERR\n    echo \"error: The sandbox is not in sync with the Podfile.lock. Run 'pod install' or update your CocoaPods installation.\" >&2\n    exit 1\nfi\n# This output is used by Xcode 'outputs' to avoid re-running this script phase.\necho \"SUCCESS\" > \"${SCRIPT_OUTPUT_FILE_0}\"\n";
			showEnvVarsInLog = 0;
		};
		E219A6BFC855CFE01E51BB31 /* [CP] Check Pods Manifest.lock */ = {
			isa = PBXShellScriptBuildPhase;
			buildActionMask = 2147483647;
			files = (
			);
			inputPaths = (
				"${PODS_PODFILE_DIR_PATH}/Podfile.lock",
				"${PODS_ROOT}/Manifest.lock",
			);
			name = "[CP] Check Pods Manifest.lock";
			outputPaths = (
				"$(DERIVED_FILE_DIR)/Pods-Venice High-checkManifestLockResult.txt",
			);
			runOnlyForDeploymentPostprocessing = 0;
			shellPath = /bin/sh;
			shellScript = "diff \"${PODS_PODFILE_DIR_PATH}/Podfile.lock\" \"${PODS_ROOT}/Manifest.lock\" > /dev/null\nif [ $? != 0 ] ; then\n    # print error to STDERR\n    echo \"error: The sandbox is not in sync with the Podfile.lock. Run 'pod install' or update your CocoaPods installation.\" >&2\n    exit 1\nfi\n# This output is used by Xcode 'outputs' to avoid re-running this script phase.\necho \"SUCCESS\" > \"${SCRIPT_OUTPUT_FILE_0}\"\n";
			showEnvVarsInLog = 0;
		};
/* End PBXShellScriptBuildPhase section */

/* Begin PBXSourcesBuildPhase section */
		BA722DA12023092800248A03 /* Sources */ = {
			isa = PBXSourcesBuildPhase;
			buildActionMask = 2147483647;
			files = (
				BA269FCA20366B9B00259266 /* SearchViewController.swift in Sources */,
				BA269FD420366B9B00259266 /* Event.swift in Sources */,
				BA269FD920366B9B00259266 /* Room.swift in Sources */,
				BA269FDA20366B9B00259266 /* Schedule.swift in Sources */,
				BA269FF020366B9B00259266 /* EventViewController.swift in Sources */,
				BA269FD520366B9B00259266 /* Time.swift in Sources */,
				BA85B98520367720008CFA4E /* Setup.swift in Sources */,
				BA269FEA20366B9B00259266 /* SegmentTableViewCell.swift in Sources */,
				BA269FCB20366B9B00259266 /* DetailViewController.swift in Sources */,
				BA269FE720366B9B00259266 /* AppDelegate.swift in Sources */,
				BA269FEB20366B9B00259266 /* InfoViewController.swift in Sources */,
				BA269FF420366B9B00259266 /* VisualViewController.swift in Sources */,
				BA269FD020366B9B00259266 /* ThemeNavigationController.swift in Sources */,
				BA269FE020366B9B00259266 /* MD5Digest.swift in Sources */,
				BA269FD120366B9B00259266 /* ThemeTabBarController.swift in Sources */,
				BA269FE320366B9B00259266 /* AppData.swift in Sources */,
				BA269FF320366B9B00259266 /* SwipeFunctions.swift in Sources */,
				BA269FCC20366B9B00259266 /* ResultsViewController.swift in Sources */,
				BA269FCD20366B9B00259266 /* ThemePermissionScope.swift in Sources */,
				BA269FD620366B9B00259266 /* YMD.swift in Sources */,
				BA269FD720366B9B00259266 /* BellSchedule.swift in Sources */,
				BA269FEE20366B9B00259266 /* SwitchTableViewCell.swift in Sources */,
				BA269FF220366B9B00259266 /* EventTableViewCell.swift in Sources */,
				BA269FDB20366B9B00259266 /* Article.swift in Sources */,
				BA269FFF20366B9B00259266 /* BellViewController.swift in Sources */,
				BA78298A206AEE920059AB1F /* Sundown.swift in Sources */,
				BA269FD320366B9B00259266 /* ArticleGroup.swift in Sources */,
				BA269FE120366B9B00259266 /* AlertScope.swift in Sources */,
				BA269FDD20366B9B00259266 /* CalendarScope.swift in Sources */,
				BA269FE620366B9B00259266 /* Extensions.swift in Sources */,
				BA269FD820366B9B00259266 /* Staff.swift in Sources */,
				BA269FDC20366B9B00259266 /* Endpoint.swift in Sources */,
				BA269FD220366B9B00259266 /* Building.swift in Sources */,
			);
			runOnlyForDeploymentPostprocessing = 0;
		};
		BA722E02202309FF00248A03 /* Sources */ = {
			isa = PBXSourcesBuildPhase;
			buildActionMask = 2147483647;
			files = (
				BA722E1E20230A2200248A03 /* TodayViewController.swift in Sources */,
				BA722E2020230A2200248A03 /* Extension.swift in Sources */,
			);
			runOnlyForDeploymentPostprocessing = 0;
		};
/* End PBXSourcesBuildPhase section */

/* Begin PBXTargetDependency section */
		BA722E12202309FF00248A03 /* PBXTargetDependency */ = {
			isa = PBXTargetDependency;
			target = BA722E05202309FF00248A03 /* Bell Schedule */;
			targetProxy = BA722E11202309FF00248A03 /* PBXContainerItemProxy */;
		};
/* End PBXTargetDependency section */

/* Begin PBXVariantGroup section */
		BA26A00120366BD400259266 /* LaunchScreen.storyboard */ = {
			isa = PBXVariantGroup;
			children = (
				BA26A00220366BD400259266 /* Base */,
			);
			name = LaunchScreen.storyboard;
			sourceTree = "<group>";
		};
		BAEACFF120230B5E00553241 /* MainInterface.storyboard */ = {
			isa = PBXVariantGroup;
			children = (
				BAEACFF220230B5E00553241 /* Base */,
			);
			name = MainInterface.storyboard;
			sourceTree = "<group>";
		};
/* End PBXVariantGroup section */

/* Begin XCBuildConfiguration section */
		BA722DB52023092800248A03 /* Debug */ = {
			isa = XCBuildConfiguration;
			buildSettings = {
				ALWAYS_SEARCH_USER_PATHS = NO;
				CLANG_ANALYZER_LOCALIZABILITY_NONLOCALIZED = YES;
				CLANG_ANALYZER_NONNULL = YES;
				CLANG_ANALYZER_NUMBER_OBJECT_CONVERSION = YES_AGGRESSIVE;
				CLANG_CXX_LANGUAGE_STANDARD = "gnu++14";
				CLANG_CXX_LIBRARY = "libc++";
				CLANG_ENABLE_MODULES = YES;
				CLANG_ENABLE_OBJC_ARC = YES;
				CLANG_WARN_BLOCK_CAPTURE_AUTORELEASING = YES;
				CLANG_WARN_BOOL_CONVERSION = YES;
				CLANG_WARN_COMMA = YES;
				CLANG_WARN_CONSTANT_CONVERSION = YES;
				CLANG_WARN_DEPRECATED_OBJC_IMPLEMENTATIONS = YES;
				CLANG_WARN_DIRECT_OBJC_ISA_USAGE = YES_ERROR;
				CLANG_WARN_DOCUMENTATION_COMMENTS = YES;
				CLANG_WARN_EMPTY_BODY = YES;
				CLANG_WARN_ENUM_CONVERSION = YES;
				CLANG_WARN_INFINITE_RECURSION = YES;
				CLANG_WARN_INT_CONVERSION = YES;
				CLANG_WARN_NON_LITERAL_NULL_CONVERSION = YES;
				CLANG_WARN_OBJC_IMPLICIT_RETAIN_SELF = YES;
				CLANG_WARN_OBJC_LITERAL_CONVERSION = YES;
				CLANG_WARN_OBJC_ROOT_CLASS = YES_ERROR;
				CLANG_WARN_RANGE_LOOP_ANALYSIS = YES;
				CLANG_WARN_STRICT_PROTOTYPES = YES;
				CLANG_WARN_SUSPICIOUS_MOVE = YES;
				CLANG_WARN_UNGUARDED_AVAILABILITY = YES_AGGRESSIVE;
				CLANG_WARN_UNREACHABLE_CODE = YES;
				CLANG_WARN__DUPLICATE_METHOD_MATCH = YES;
				CODE_SIGN_IDENTITY = "iPhone Developer";
				COPY_PHASE_STRIP = NO;
				DEBUG_INFORMATION_FORMAT = dwarf;
				ENABLE_STRICT_OBJC_MSGSEND = YES;
				ENABLE_TESTABILITY = YES;
				GCC_C_LANGUAGE_STANDARD = gnu11;
				GCC_DYNAMIC_NO_PIC = NO;
				GCC_NO_COMMON_BLOCKS = YES;
				GCC_OPTIMIZATION_LEVEL = 0;
				GCC_PREPROCESSOR_DEFINITIONS = (
					"DEBUG=1",
					"$(inherited)",
				);
				GCC_WARN_64_TO_32_BIT_CONVERSION = YES;
				GCC_WARN_ABOUT_RETURN_TYPE = YES_ERROR;
				GCC_WARN_UNDECLARED_SELECTOR = YES;
				GCC_WARN_UNINITIALIZED_AUTOS = YES_AGGRESSIVE;
				GCC_WARN_UNUSED_FUNCTION = YES;
				GCC_WARN_UNUSED_VARIABLE = YES;
				IPHONEOS_DEPLOYMENT_TARGET = 11.2;
				MTL_ENABLE_DEBUG_INFO = YES;
				ONLY_ACTIVE_ARCH = YES;
				SDKROOT = iphoneos;
				SWIFT_ACTIVE_COMPILATION_CONDITIONS = DEBUG;
				SWIFT_OPTIMIZATION_LEVEL = "-Onone";
			};
			name = Debug;
		};
		BA722DB62023092800248A03 /* Release */ = {
			isa = XCBuildConfiguration;
			buildSettings = {
				ALWAYS_SEARCH_USER_PATHS = NO;
				CLANG_ANALYZER_LOCALIZABILITY_NONLOCALIZED = YES;
				CLANG_ANALYZER_NONNULL = YES;
				CLANG_ANALYZER_NUMBER_OBJECT_CONVERSION = YES_AGGRESSIVE;
				CLANG_CXX_LANGUAGE_STANDARD = "gnu++14";
				CLANG_CXX_LIBRARY = "libc++";
				CLANG_ENABLE_MODULES = YES;
				CLANG_ENABLE_OBJC_ARC = YES;
				CLANG_WARN_BLOCK_CAPTURE_AUTORELEASING = YES;
				CLANG_WARN_BOOL_CONVERSION = YES;
				CLANG_WARN_COMMA = YES;
				CLANG_WARN_CONSTANT_CONVERSION = YES;
				CLANG_WARN_DEPRECATED_OBJC_IMPLEMENTATIONS = YES;
				CLANG_WARN_DIRECT_OBJC_ISA_USAGE = YES_ERROR;
				CLANG_WARN_DOCUMENTATION_COMMENTS = YES;
				CLANG_WARN_EMPTY_BODY = YES;
				CLANG_WARN_ENUM_CONVERSION = YES;
				CLANG_WARN_INFINITE_RECURSION = YES;
				CLANG_WARN_INT_CONVERSION = YES;
				CLANG_WARN_NON_LITERAL_NULL_CONVERSION = YES;
				CLANG_WARN_OBJC_IMPLICIT_RETAIN_SELF = YES;
				CLANG_WARN_OBJC_LITERAL_CONVERSION = YES;
				CLANG_WARN_OBJC_ROOT_CLASS = YES_ERROR;
				CLANG_WARN_RANGE_LOOP_ANALYSIS = YES;
				CLANG_WARN_STRICT_PROTOTYPES = YES;
				CLANG_WARN_SUSPICIOUS_MOVE = YES;
				CLANG_WARN_UNGUARDED_AVAILABILITY = YES_AGGRESSIVE;
				CLANG_WARN_UNREACHABLE_CODE = YES;
				CLANG_WARN__DUPLICATE_METHOD_MATCH = YES;
				CODE_SIGN_IDENTITY = "iPhone Developer";
				COPY_PHASE_STRIP = NO;
				DEBUG_INFORMATION_FORMAT = "dwarf-with-dsym";
				ENABLE_NS_ASSERTIONS = NO;
				ENABLE_STRICT_OBJC_MSGSEND = YES;
				GCC_C_LANGUAGE_STANDARD = gnu11;
				GCC_NO_COMMON_BLOCKS = YES;
				GCC_WARN_64_TO_32_BIT_CONVERSION = YES;
				GCC_WARN_ABOUT_RETURN_TYPE = YES_ERROR;
				GCC_WARN_UNDECLARED_SELECTOR = YES;
				GCC_WARN_UNINITIALIZED_AUTOS = YES_AGGRESSIVE;
				GCC_WARN_UNUSED_FUNCTION = YES;
				GCC_WARN_UNUSED_VARIABLE = YES;
				IPHONEOS_DEPLOYMENT_TARGET = 11.2;
				MTL_ENABLE_DEBUG_INFO = NO;
				SDKROOT = iphoneos;
				SWIFT_OPTIMIZATION_LEVEL = "-Owholemodule";
				VALIDATE_PRODUCT = YES;
			};
			name = Release;
		};
		BA722DB82023092800248A03 /* Debug */ = {
			isa = XCBuildConfiguration;
			baseConfigurationReference = 3DEB4BA7918BFCEEDC7A51C8 /* Pods-Venice High.debug.xcconfig */;
			buildSettings = {
				ASSETCATALOG_COMPILER_APPICON_NAME = AppIcon;
				CLANG_ENABLE_OBJC_WEAK = YES;
				CODE_SIGN_ENTITLEMENTS = "Venice High/System/Venice High.entitlements";
				CODE_SIGN_IDENTITY = "iPhone Developer";
				CODE_SIGN_STYLE = Automatic;
				DEVELOPMENT_TEAM = JTK3ZSHMB9;
				INFOPLIST_FILE = "$(SRCROOT)/Venice High/System/Info.plist";
				IPHONEOS_DEPLOYMENT_TARGET = 9.0;
				LD_RUNPATH_SEARCH_PATHS = "$(inherited) @executable_path/Frameworks";
				OTHER_SWIFT_FLAGS = "$(inherited) \"-D\" \"COCOAPODS\" -Xfrontend -debug-time-function-bodies";
				PRODUCT_BUNDLE_IDENTIFIER = "com.steets250.Venice-High";
				PRODUCT_NAME = "$(TARGET_NAME)";
				PROVISIONING_PROFILE_SPECIFIER = "";
				SWIFT_VERSION = 4.0;
				TARGETED_DEVICE_FAMILY = 1;
			};
			name = Debug;
		};
		BA722DB92023092800248A03 /* Release */ = {
			isa = XCBuildConfiguration;
			baseConfigurationReference = 35F6A02A66E9798C31A6AC74 /* Pods-Venice High.release.xcconfig */;
			buildSettings = {
				ASSETCATALOG_COMPILER_APPICON_NAME = AppIcon;
				CLANG_ENABLE_OBJC_WEAK = YES;
				CODE_SIGN_ENTITLEMENTS = "Venice High/System/Venice High.entitlements";
				CODE_SIGN_IDENTITY = "iPhone Developer";
				CODE_SIGN_STYLE = Automatic;
				DEVELOPMENT_TEAM = JTK3ZSHMB9;
				INFOPLIST_FILE = "$(SRCROOT)/Venice High/System/Info.plist";
				IPHONEOS_DEPLOYMENT_TARGET = 9.0;
				LD_RUNPATH_SEARCH_PATHS = "$(inherited) @executable_path/Frameworks";
				OTHER_SWIFT_FLAGS = "$(inherited) \"-D\" \"COCOAPODS\" -Xfrontend -debug-time-function-bodies";
				PRODUCT_BUNDLE_IDENTIFIER = "com.steets250.Venice-High";
				PRODUCT_NAME = "$(TARGET_NAME)";
				PROVISIONING_PROFILE_SPECIFIER = "";
				SWIFT_VERSION = 4.0;
				TARGETED_DEVICE_FAMILY = 1;
			};
			name = Release;
		};
		BA722E15202309FF00248A03 /* Debug */ = {
			isa = XCBuildConfiguration;
			baseConfigurationReference = A6608DD949264FA95ECB5019 /* Pods-Bell Schedule.debug.xcconfig */;
			buildSettings = {
				CLANG_ENABLE_MODULES = YES;
				CLANG_ENABLE_OBJC_WEAK = YES;
				CODE_SIGN_ENTITLEMENTS = "Bell Schedule/Bell Schedule.entitlements";
				CODE_SIGN_STYLE = Automatic;
				DEVELOPMENT_TEAM = JTK3ZSHMB9;
				INFOPLIST_FILE = "Bell Schedule/Info.plist";
				IPHONEOS_DEPLOYMENT_TARGET = 9.0;
				LD_RUNPATH_SEARCH_PATHS = "$(inherited) @executable_path/Frameworks @executable_path/../../Frameworks";
				PRODUCT_BUNDLE_IDENTIFIER = "com.steets250.Venice-High.Bell-Schedule";
				PRODUCT_NAME = "$(TARGET_NAME)";
				SKIP_INSTALL = YES;
				SWIFT_OPTIMIZATION_LEVEL = "-Onone";
				SWIFT_VERSION = 4.0;
				TARGETED_DEVICE_FAMILY = 1;
			};
			name = Debug;
		};
		BA722E16202309FF00248A03 /* Release */ = {
			isa = XCBuildConfiguration;
			baseConfigurationReference = 340DF73BA7754C1543299921 /* Pods-Bell Schedule.release.xcconfig */;
			buildSettings = {
				CLANG_ENABLE_MODULES = YES;
				CLANG_ENABLE_OBJC_WEAK = YES;
				CODE_SIGN_ENTITLEMENTS = "Bell Schedule/Bell Schedule.entitlements";
				CODE_SIGN_STYLE = Automatic;
				DEVELOPMENT_TEAM = JTK3ZSHMB9;
				INFOPLIST_FILE = "Bell Schedule/Info.plist";
				IPHONEOS_DEPLOYMENT_TARGET = 9.0;
				LD_RUNPATH_SEARCH_PATHS = "$(inherited) @executable_path/Frameworks @executable_path/../../Frameworks";
				PRODUCT_BUNDLE_IDENTIFIER = "com.steets250.Venice-High.Bell-Schedule";
				PRODUCT_NAME = "$(TARGET_NAME)";
				SKIP_INSTALL = YES;
				SWIFT_VERSION = 4.0;
				TARGETED_DEVICE_FAMILY = 1;
			};
			name = Release;
		};
/* End XCBuildConfiguration section */

/* Begin XCConfigurationList section */
		BA722DA02023092800248A03 /* Build configuration list for PBXProject "Venice High" */ = {
			isa = XCConfigurationList;
			buildConfigurations = (
				BA722DB52023092800248A03 /* Debug */,
				BA722DB62023092800248A03 /* Release */,
			);
			defaultConfigurationIsVisible = 0;
			defaultConfigurationName = Release;
		};
		BA722DB72023092800248A03 /* Build configuration list for PBXNativeTarget "Venice High" */ = {
			isa = XCConfigurationList;
			buildConfigurations = (
				BA722DB82023092800248A03 /* Debug */,
				BA722DB92023092800248A03 /* Release */,
			);
			defaultConfigurationIsVisible = 0;
			defaultConfigurationName = Release;
		};
		BA722E14202309FF00248A03 /* Build configuration list for PBXNativeTarget "Bell Schedule" */ = {
			isa = XCConfigurationList;
			buildConfigurations = (
				BA722E15202309FF00248A03 /* Debug */,
				BA722E16202309FF00248A03 /* Release */,
			);
			defaultConfigurationIsVisible = 0;
			defaultConfigurationName = Release;
		};
/* End XCConfigurationList section */
	};
	rootObject = BA722D9D2023092800248A03 /* Project object */;
}
